
Microsoft Visual Studio Solution File, Format Version 12.00
# Visual Studio 2012
Project("{8BC9CEB8-8B4A-11D0-8D11-00A0C91BC942}") = "Graphos.Components", "..\Engine\Graphos.Components\Graphos.Components.vcxproj", "{AFAD6CA0-0992-4AA7-BA82-A014007812DE}"
EndProject
Project("{2150E333-8FDC-42A3-9474-1A3956D46DE8}") = "Engine", "Engine", "{121BCB09-3DD2-48AC-B441-A45525523659}"
EndProject
Project("{8BC9CEB8-8B4A-11D0-8D11-00A0C91BC942}") = "Graphos.Core", "..\Engine\Graphos.Core\Graphos.Core.vcxproj", "{1062AAD5-13BF-424A-A03D-136896C04C4F}"
EndProject
Project("{8BC9CEB8-8B4A-11D0-8D11-00A0C91BC942}") = "Graphos.Graphics", "..\Engine\Graphos.Graphics\Graphos.Graphics.vcxproj", "{F2D275FD-32BA-43D1-B155-E17988EEC88C}"
EndProject
Project("{8BC9CEB8-8B4A-11D0-8D11-00A0C91BC942}") = "Graphos.Math", "..\Engine\Graphos.Math\Graphos.Math.vcxproj", "{569A12E4-7A87-4769-B91B-ACDEA8051DF2}"
EndProject
Project("{8BC9CEB8-8B4A-11D0-8D11-00A0C91BC942}") = "Graphos.Physics", "..\Engine\Graphos.Physics\Graphos.Physics.vcxproj", "{4961F3A5-0FC0-487A-BEF3-8313C981AB49}"
EndProject
Project("{8BC9CEB8-8B4A-11D0-8D11-00A0C91BC942}") = "Graphos.Scripting", "..\Engine\Graphos.Scripting\Graphos.Scripting.vcxproj", "{C409B8BC-41BD-439F-BAE3-FB7D9B4E3569}"
EndProject
Project("{2150E333-8FDC-42A3-9474-1A3956D46DE8}") = "Game", "Game", "{510BA875-BC5D-46B6-B25A-8414F72B3D98}"
	ProjectSection(SolutionItems) = preProject
		..\Game\Resources\build.bat = ..\Game\Resources\build.bat
		..\Game\Resources\debug.bat = ..\Game\Resources\debug.bat
		..\Game\Resources\Gruntfile.coffee = ..\Game\Resources\Gruntfile.coffee
		..\Game\Resources\init.bat = ..\Game\Resources\init.bat
		..\Game\Resources\package.json = ..\Game\Resources\package.json
	EndProjectSection
EndProject
Project("{2150E333-8FDC-42A3-9474-1A3956D46DE8}") = "Global Headers", "Global Headers", "{1D868376-9A33-40E7-8DC4-D6A2253620FC}"
	ProjectSection(SolutionItems) = preProject
		..\ExternalDependencies\include\DirectX\DirectXIncludes.h = ..\ExternalDependencies\include\DirectX\DirectXIncludes.h
		..\ExternalDependencies\include\GL\GLIncludes.h = ..\ExternalDependencies\include\GL\GLIncludes.h
	EndProjectSection
EndProject
Project("{2150E333-8FDC-42A3-9474-1A3956D46DE8}") = "Assets", "Assets", "{78B39BD3-904D-4D33-ACC3-715914BE0377}"
EndProject
Project("{2150E333-8FDC-42A3-9474-1A3956D46DE8}") = "Config", "Config", "{E1E6740A-79E3-4326-905F-56995EBAE634}"
	ProjectSection(SolutionItems) = preProject
		..\Game\Config\Config.json = ..\Game\Config\Config.json
	EndProjectSection
EndProject
Project("{2150E333-8FDC-42A3-9474-1A3956D46DE8}") = "Shaders", "Shaders", "{13C4CBF4-109C-4A8B-8A7F-139E88805C21}"
EndProject
Project("{2150E333-8FDC-42A3-9474-1A3956D46DE8}") = "Meshes", "Meshes", "{48731D1C-E139-4A6D-B63A-2A897E00FFDD}"
	ProjectSection(SolutionItems) = preProject
		..\Game\Resources\Assets\Meshes\Cube.obj = ..\Game\Resources\Assets\Meshes\Cube.obj
		..\Game\Resources\Assets\Meshes\Tugboat_1.obj = ..\Game\Resources\Assets\Meshes\Tugboat_1.obj
		..\Game\Resources\Assets\Meshes\UI.obj = ..\Game\Resources\Assets\Meshes\UI.obj
	EndProjectSection
EndProject
Project("{2150E333-8FDC-42A3-9474-1A3956D46DE8}") = "Textures", "Textures", "{20BE76EC-4F26-4999-B6B0-9691B0DADA29}"
	ProjectSection(SolutionItems) = preProject
		..\Game\Resources\Assets\Textures\balls.jpg = ..\Game\Resources\Assets\Textures\balls.jpg
		..\Game\Resources\Assets\Textures\Poop.png = ..\Game\Resources\Assets\Textures\Poop.png
	EndProjectSection
EndProject
Project("{2150E333-8FDC-42A3-9474-1A3956D46DE8}") = "Submodules", "Submodules", "{7D86DD02-EFD8-43A3-934B-43BF3CED4607}"
EndProject
Project("{2150E333-8FDC-42A3-9474-1A3956D46DE8}") = "Bullet", "Bullet", "{821A2CD9-123E-4EE4-98E9-B15B5CC6E89C}"
	ProjectSection(SolutionItems) = preProject
		..\ExternalDependencies\submodules\bullet\btBulletCollisionCommon.h = ..\ExternalDependencies\submodules\bullet\btBulletCollisionCommon.h
		..\ExternalDependencies\submodules\bullet\btBulletDynamicsCommon.h = ..\ExternalDependencies\submodules\bullet\btBulletDynamicsCommon.h
		..\ExternalDependencies\submodules\bullet\Bullet-C-Api.h = ..\ExternalDependencies\submodules\bullet\Bullet-C-Api.h
	EndProjectSection
EndProject
Project("{8BC9CEB8-8B4A-11D0-8D11-00A0C91BC942}") = "BulletCollision", "..\ExternalDependencies\submodules\bullet\BulletCollision\BulletCollision.vcxproj", "{5E9C8D62-5AC6-774A-99E8-F778BCCDEED2}"
EndProject
Project("{8BC9CEB8-8B4A-11D0-8D11-00A0C91BC942}") = "BulletDynamics", "..\ExternalDependencies\submodules\bullet\BulletDynamics\BulletDynamics.vcxproj", "{8F5C9BDF-AC6F-F64F-AF86-4DA030F93A58}"
EndProject
Project("{8BC9CEB8-8B4A-11D0-8D11-00A0C91BC942}") = "LinearMath", "..\ExternalDependencies\submodules\bullet\LinearMath\LinearMath.vcxproj", "{2A35E0C0-B05F-324D-8233-8DC92198F05B}"
EndProject
Project("{2150E333-8FDC-42A3-9474-1A3956D46DE8}") = "vectormath", "vectormath", "{2624E4A8-7F50-4C79-BA0F-A4AFD3C7A68E}"
	ProjectSection(SolutionItems) = preProject
		..\ExternalDependencies\submodules\bullet\vectormath\vmInclude.h = ..\ExternalDependencies\submodules\bullet\vectormath\vmInclude.h
	EndProjectSection
EndProject
Project("{2150E333-8FDC-42A3-9474-1A3956D46DE8}") = "sse", "sse", "{C75650C8-8133-41F1-87B0-77109753A16D}"
	ProjectSection(SolutionItems) = preProject
		..\ExternalDependencies\submodules\bullet\vectormath\sse\boolInVec.h = ..\ExternalDependencies\submodules\bullet\vectormath\sse\boolInVec.h
		..\ExternalDependencies\submodules\bullet\vectormath\sse\floatInVec.h = ..\ExternalDependencies\submodules\bullet\vectormath\sse\floatInVec.h
		..\ExternalDependencies\submodules\bullet\vectormath\sse\mat_aos.h = ..\ExternalDependencies\submodules\bullet\vectormath\sse\mat_aos.h
		..\ExternalDependencies\submodules\bullet\vectormath\sse\quat_aos.h = ..\ExternalDependencies\submodules\bullet\vectormath\sse\quat_aos.h
		..\ExternalDependencies\submodules\bullet\vectormath\sse\vec_aos.h = ..\ExternalDependencies\submodules\bullet\vectormath\sse\vec_aos.h
		..\ExternalDependencies\submodules\bullet\vectormath\sse\vecidx_aos.h = ..\ExternalDependencies\submodules\bullet\vectormath\sse\vecidx_aos.h
		..\ExternalDependencies\submodules\bullet\vectormath\sse\vectormath_aos.h = ..\ExternalDependencies\submodules\bullet\vectormath\sse\vectormath_aos.h
	EndProjectSection
EndProject
Project("{2150E333-8FDC-42A3-9474-1A3956D46DE8}") = "scalar", "scalar", "{D16C5FF9-0DB3-49A2-ABE1-B2228906369E}"
	ProjectSection(SolutionItems) = preProject
		..\ExternalDependencies\submodules\bullet\vectormath\scalar\boolInVec.h = ..\ExternalDependencies\submodules\bullet\vectormath\scalar\boolInVec.h
		..\ExternalDependencies\submodules\bullet\vectormath\scalar\floatInVec.h = ..\ExternalDependencies\submodules\bullet\vectormath\scalar\floatInVec.h
		..\ExternalDependencies\submodules\bullet\vectormath\scalar\mat_aos.h = ..\ExternalDependencies\submodules\bullet\vectormath\scalar\mat_aos.h
		..\ExternalDependencies\submodules\bullet\vectormath\scalar\quat_aos.h = ..\ExternalDependencies\submodules\bullet\vectormath\scalar\quat_aos.h
		..\ExternalDependencies\submodules\bullet\vectormath\scalar\vec_aos.h = ..\ExternalDependencies\submodules\bullet\vectormath\scalar\vec_aos.h
		..\ExternalDependencies\submodules\bullet\vectormath\scalar\vectormath_aos.h = ..\ExternalDependencies\submodules\bullet\vectormath\scalar\vectormath_aos.h
	EndProjectSection
EndProject
Project("{2150E333-8FDC-42A3-9474-1A3956D46DE8}") = "neon", "neon", "{CE1C2385-D712-4C7E-A076-3F87448B0ACA}"
	ProjectSection(SolutionItems) = preProject
		..\ExternalDependencies\submodules\bullet\vectormath\neon\boolInVec.h = ..\ExternalDependencies\submodules\bullet\vectormath\neon\boolInVec.h
		..\ExternalDependencies\submodules\bullet\vectormath\neon\floatInVec.h = ..\ExternalDependencies\submodules\bullet\vectormath\neon\floatInVec.h
		..\ExternalDependencies\submodules\bullet\vectormath\neon\mat_aos.h = ..\ExternalDependencies\submodules\bullet\vectormath\neon\mat_aos.h
		..\ExternalDependencies\submodules\bullet\vectormath\neon\quat_aos.h = ..\ExternalDependencies\submodules\bullet\vectormath\neon\quat_aos.h
		..\ExternalDependencies\submodules\bullet\vectormath\neon\vec_aos.h = ..\ExternalDependencies\submodules\bullet\vectormath\neon\vec_aos.h
		..\ExternalDependencies\submodules\bullet\vectormath\neon\vectormath_aos.h = ..\ExternalDependencies\submodules\bullet\vectormath\neon\vectormath_aos.h
	EndProjectSection
EndProject
Project("{2150E333-8FDC-42A3-9474-1A3956D46DE8}") = "hlsl", "hlsl", "{B8D27C56-2806-4868-A436-09F172A87E83}"
	ProjectSection(SolutionItems) = preProject
		..\Game\Resources\Shaders\hlsl\light.fs.hlsl = ..\Game\Resources\Shaders\hlsl\light.fs.hlsl
		..\Game\Resources\Shaders\hlsl\light.vs.hlsl = ..\Game\Resources\Shaders\hlsl\light.vs.hlsl
		..\Game\Resources\Shaders\hlsl\lightStructs.hlsl = ..\Game\Resources\Shaders\hlsl\lightStructs.hlsl
		..\Game\Resources\Shaders\hlsl\texture.fs.hlsl = ..\Game\Resources\Shaders\hlsl\texture.fs.hlsl
		..\Game\Resources\Shaders\hlsl\texture.vs.hlsl = ..\Game\Resources\Shaders\hlsl\texture.vs.hlsl
	EndProjectSection
EndProject
Project("{2150E333-8FDC-42A3-9474-1A3956D46DE8}") = "glsl", "glsl", "{1F6885C7-2894-4493-8338-15079AC10EB1}"
	ProjectSection(SolutionItems) = preProject
		..\Game\Resources\Shaders\glsl\light.fs.glsl = ..\Game\Resources\Shaders\glsl\light.fs.glsl
		..\Game\Resources\Shaders\glsl\light.vs.glsl = ..\Game\Resources\Shaders\glsl\light.vs.glsl
		..\Game\Resources\Shaders\glsl\texture.fs.glsl = ..\Game\Resources\Shaders\glsl\texture.fs.glsl
		..\Game\Resources\Shaders\glsl\texture.vs.glsl = ..\Game\Resources\Shaders\glsl\texture.vs.glsl
	EndProjectSection
EndProject
Project("{8BC9CEB8-8B4A-11D0-8D11-00A0C91BC942}") = "Graphos.Utility", "..\Engine\Graphos.Utility\Graphos.Utility.vcxproj", "{5D9174DC-FE98-4D01-B470-954BFF4AF2B4}"
EndProject
Project("{2150E333-8FDC-42A3-9474-1A3956D46DE8}") = "Tests", "Tests", "{4A87336B-8791-4974-BF22-800A267AC016}"
EndProject
Project("{8BC9CEB8-8B4A-11D0-8D11-00A0C91BC942}") = "Graphos.Tests", "..\Tests\Graphos.Tests\Graphos.Tests.vcxproj", "{3E29D947-3FB4-4C26-B500-5670D36A3CF7}"
EndProject
Project("{2150E333-8FDC-42A3-9474-1A3956D46DE8}") = "V8-Convert", "V8-Convert", "{2DCBB307-809D-4D56-816C-686826916676}"
	ProjectSection(SolutionItems) = preProject
		..\ExternalDependencies\submodules\v8convert\include\cvv8\arguments.hpp = ..\ExternalDependencies\submodules\v8convert\include\cvv8\arguments.hpp
		..\ExternalDependencies\submodules\v8convert\include\cvv8\ClassCreator.hpp = ..\ExternalDependencies\submodules\v8convert\include\cvv8\ClassCreator.hpp
		..\ExternalDependencies\submodules\v8convert\include\cvv8\convert.hpp = ..\ExternalDependencies\submodules\v8convert\include\cvv8\convert.hpp
		..\ExternalDependencies\submodules\v8convert\include\cvv8\invocable.hpp = ..\ExternalDependencies\submodules\v8convert\include\cvv8\invocable.hpp
		..\ExternalDependencies\submodules\v8convert\include\cvv8\NativeToJSMap.hpp = ..\ExternalDependencies\submodules\v8convert\include\cvv8\NativeToJSMap.hpp
		..\ExternalDependencies\submodules\v8convert\include\cvv8\properties.hpp = ..\ExternalDependencies\submodules\v8convert\include\cvv8\properties.hpp
		..\ExternalDependencies\submodules\v8convert\include\cvv8\signature.hpp = ..\ExternalDependencies\submodules\v8convert\include\cvv8\signature.hpp
		..\ExternalDependencies\submodules\v8convert\include\cvv8\v8-convert.hpp = ..\ExternalDependencies\submodules\v8convert\include\cvv8\v8-convert.hpp
		..\ExternalDependencies\submodules\v8convert\include\cvv8\V8Shell.hpp = ..\ExternalDependencies\submodules\v8convert\include\cvv8\V8Shell.hpp
		..\ExternalDependencies\submodules\v8convert\include\cvv8\XTo.hpp = ..\ExternalDependencies\submodules\v8convert\include\cvv8\XTo.hpp
	EndProjectSection
EndProject
Project("{2150E333-8FDC-42A3-9474-1A3956D46DE8}") = "detail", "detail", "{7899A8AF-53CE-41EB-B59B-2A55AEB686BD}"
	ProjectSection(SolutionItems) = preProject
		..\ExternalDependencies\submodules\v8convert\include\cvv8\detail\convert_core.hpp = ..\ExternalDependencies\submodules\v8convert\include\cvv8\detail\convert_core.hpp
		..\ExternalDependencies\submodules\v8convert\include\cvv8\detail\doxygen_hack.hpp = ..\ExternalDependencies\submodules\v8convert\include\cvv8\detail\doxygen_hack.hpp
		..\ExternalDependencies\submodules\v8convert\include\cvv8\detail\invocable_core.hpp = ..\ExternalDependencies\submodules\v8convert\include\cvv8\detail\invocable_core.hpp
		..\ExternalDependencies\submodules\v8convert\include\cvv8\detail\invocable_generated.hpp = ..\ExternalDependencies\submodules\v8convert\include\cvv8\detail\invocable_generated.hpp
		..\ExternalDependencies\submodules\v8convert\include\cvv8\detail\signature_core.hpp = ..\ExternalDependencies\submodules\v8convert\include\cvv8\detail\signature_core.hpp
		..\ExternalDependencies\submodules\v8convert\include\cvv8\detail\signature_generated.hpp = ..\ExternalDependencies\submodules\v8convert\include\cvv8\detail\signature_generated.hpp
		..\ExternalDependencies\submodules\v8convert\include\cvv8\detail\tmp.hpp = ..\ExternalDependencies\submodules\v8convert\include\cvv8\detail\tmp.hpp
	EndProjectSection
EndProject
Project("{2150E333-8FDC-42A3-9474-1A3956D46DE8}") = "generator", "generator", "{6D35829F-8518-4903-8ADF-62AEEA0C77E4}"
	ProjectSection(SolutionItems) = preProject
		..\ExternalDependencies\submodules\v8convert\include\cvv8\generator\Signature.hpp = ..\ExternalDependencies\submodules\v8convert\include\cvv8\generator\Signature.hpp
	EndProjectSection
EndProject
Project("{2150E333-8FDC-42A3-9474-1A3956D46DE8}") = "V8", "V8", "{A37C8C4D-9898-4E5A-A70B-D7D86A228F46}"
EndProject
Project("{8BC9CEB8-8B4A-11D0-8D11-00A0C91BC942}") = "v8_base", "..\ExternalDependencies\submodules\v8\tools\gyp\v8_base.vcxproj", "{0365B47C-0806-2D4C-C633-BFFE035A6182}"
EndProject
Project("{8BC9CEB8-8B4A-11D0-8D11-00A0C91BC942}") = "mksnapshot", "..\ExternalDependencies\submodules\v8\tools\gyp\mksnapshot.vcxproj", "{8F8D2656-B55C-317E-5C19-7C6F8F4C537E}"
EndProject
Project("{8BC9CEB8-8B4A-11D0-8D11-00A0C91BC942}") = "v8_nosnapshot", "..\ExternalDependencies\submodules\v8\tools\gyp\v8_nosnapshot.vcxproj", "{4D9A97F4-A135-9173-3480-80F840D9050D}"
EndProject
Project("{8BC9CEB8-8B4A-11D0-8D11-00A0C91BC942}") = "v8_snapshot", "..\ExternalDependencies\submodules\v8\tools\gyp\v8_snapshot.vcxproj", "{D7E18491-93AF-C9D1-0CF8-261904821D5A}"
EndProject
Project("{8BC9CEB8-8B4A-11D0-8D11-00A0C91BC942}") = "v8", "..\ExternalDependencies\submodules\v8\tools\gyp\v8.vcxproj", "{73848F9A-5128-CE82-AE99-9EB394FAA496}"
EndProject
Project("{2150E333-8FDC-42A3-9474-1A3956D46DE8}") = "Scripts", "Scripts", "{D153ACC3-D48C-4B38-96F9-48F45A08DABF}"
	ProjectSection(SolutionItems) = preProject
		..\Game\Assets\Scripts\Camera.ts = ..\Game\Assets\Scripts\Camera.ts
		..\Game\Assets\Scripts\Graphos.ts = ..\Game\Assets\Scripts\Graphos.ts
		..\Game\Assets\Scripts\GraphosGame.ts = ..\Game\Assets\Scripts\GraphosGame.ts
		..\Game\Assets\Scripts\LightShader.ts = ..\Game\Assets\Scripts\LightShader.ts
	EndProjectSection
EndProject
Project("{2150E333-8FDC-42A3-9474-1A3956D46DE8}") = "Objects", "Objects", "{57B1F842-0ECF-4767-8957-E9D576443E0B}"
	ProjectSection(SolutionItems) = preProject
		..\Game\Objects\Camera.json = ..\Game\Objects\Camera.json
		..\Game\Objects\Tugboat_1.json = ..\Game\Objects\Tugboat_1.json
	EndProjectSection
EndProject
Project("{2150E333-8FDC-42A3-9474-1A3956D46DE8}") = "UIs", "UIs", "{72DB57D3-01C1-4D59-9C4B-BEA17EEACD11}"
	ProjectSection(SolutionItems) = preProject
		..\Game\UIs\credits.html = ..\Game\UIs\credits.html
		..\Game\UIs\index.html = ..\Game\UIs\index.html
		..\Game\UIs\settings.html = ..\Game\UIs\settings.html
	EndProjectSection
EndProject
Project("{2150E333-8FDC-42A3-9474-1A3956D46DE8}") = "js", "js", "{D55652BE-967C-4F28-A632-0C0FAD3DBDBD}"
	ProjectSection(SolutionItems) = preProject
		..\Game\UIs\js\config.js = ..\Game\UIs\js\config.js
		..\Game\UIs\js\jquery-1.9.1.min.js = ..\Game\UIs\js\jquery-1.9.1.min.js
	EndProjectSection
EndProject
Project("{2150E333-8FDC-42A3-9474-1A3956D46DE8}") = "images", "images", "{1D1DE429-5056-4669-8951-FA903906E040}"
	ProjectSection(SolutionItems) = preProject
		..\Game\UIs\images\brandon.png = ..\Game\UIs\images\brandon.png
		..\Game\UIs\images\colden.png = ..\Game\UIs\images\colden.png
		..\Game\UIs\images\daniel.png = ..\Game\UIs\images\daniel.png
		..\Game\UIs\images\eric.png = ..\Game\UIs\images\eric.png
	EndProjectSection
EndProject
Project("{2150E333-8FDC-42A3-9474-1A3956D46DE8}") = "css", "css", "{B93F5B40-F23E-4BDD-9B52-5F95C7E2485A}"
	ProjectSection(SolutionItems) = preProject
		..\Game\UIs\css\normalize.css = ..\Game\UIs\css\normalize.css
		..\Game\UIs\css\style.css = ..\Game\UIs\css\style.css
	EndProjectSection
EndProject
Project("{2150E333-8FDC-42A3-9474-1A3956D46DE8}") = "fonts", "fonts", "{AEC64D88-9E3D-41F4-BFE6-AF42BA365D70}"
	ProjectSection(SolutionItems) = preProject
		..\Game\UIs\fonts\Flat-UI-Icons.eot = ..\Game\UIs\fonts\Flat-UI-Icons.eot
		..\Game\UIs\fonts\LigatureSymbols-2.11.ttf = ..\Game\UIs\fonts\LigatureSymbols-2.11.ttf
		..\Game\UIs\fonts\SourceSansPro.woff = ..\Game\UIs\fonts\SourceSansPro.woff
		..\Game\UIs\fonts\Track.ttf = ..\Game\UIs\fonts\Track.ttf
	EndProjectSection
EndProject
Project("{2150E333-8FDC-42A3-9474-1A3956D46DE8}") = "Models", "Models", "{068236E0-05F7-40A6-9C7D-F6E502EAED8A}"
	ProjectSection(SolutionItems) = preProject
		..\Game\Models\tugboat_1.ma = ..\Game\Models\tugboat_1.ma
	EndProjectSection
EndProject
Project("{2150E333-8FDC-42A3-9474-1A3956D46DE8}") = "HLSLCC", "HLSLCC", "{EF590373-8933-4A3A-8E42-D585A9F630FD}"
EndProject
Project("{8BC9CEB8-8B4A-11D0-8D11-00A0C91BC942}") = "ALL_BUILD", "..\ExternalDependencies\submodules\hlslcc\mk\ALL_BUILD.vcxproj", "{6D4F3685-F391-42AB-8CB4-156A5EE2D8CE}"
EndProject
Project("{8BC9CEB8-8B4A-11D0-8D11-00A0C91BC942}") = "HLSLcc", "..\ExternalDependencies\submodules\hlslcc\mk\HLSLcc.vcxproj", "{AA6E68B4-FB83-4093-95A5-DDDF2B02E198}"
EndProject
Project("{8BC9CEB8-8B4A-11D0-8D11-00A0C91BC942}") = "libHLSLcc", "..\ExternalDependencies\submodules\hlslcc\mk\libHLSLcc.vcxproj", "{844FF918-0146-43C2-8765-0BD5B27FB689}"
EndProject
Project("{8BC9CEB8-8B4A-11D0-8D11-00A0C91BC942}") = "ZERO_CHECK", "..\ExternalDependencies\submodules\hlslcc\mk\ZERO_CHECK.vcxproj", "{6ECE8A18-4FA2-4EEF-A274-E1488A492A2E}"
EndProject
Global
	GlobalSection(SolutionConfigurationPlatforms) = preSolution
		Debug|Any CPU = Debug|Any CPU
		Debug|Mixed Platforms = Debug|Mixed Platforms
		Debug|Win32 = Debug|Win32
		Debug|x64 = Debug|x64
		MinSizeRel|Any CPU = MinSizeRel|Any CPU
		MinSizeRel|Mixed Platforms = MinSizeRel|Mixed Platforms
		MinSizeRel|Win32 = MinSizeRel|Win32
		MinSizeRel|x64 = MinSizeRel|x64
		Release|Any CPU = Release|Any CPU
		Release|Mixed Platforms = Release|Mixed Platforms
		Release|Win32 = Release|Win32
		Release|x64 = Release|x64
		RelWithDebInfo|Any CPU = RelWithDebInfo|Any CPU
		RelWithDebInfo|Mixed Platforms = RelWithDebInfo|Mixed Platforms
		RelWithDebInfo|Win32 = RelWithDebInfo|Win32
		RelWithDebInfo|x64 = RelWithDebInfo|x64
	EndGlobalSection
	GlobalSection(ProjectConfigurationPlatforms) = postSolution
		{AFAD6CA0-0992-4AA7-BA82-A014007812DE}.Debug|Any CPU.ActiveCfg = Debug|Win32
		{AFAD6CA0-0992-4AA7-BA82-A014007812DE}.Debug|Mixed Platforms.ActiveCfg = Debug|Win32
		{AFAD6CA0-0992-4AA7-BA82-A014007812DE}.Debug|Mixed Platforms.Build.0 = Debug|Win32
		{AFAD6CA0-0992-4AA7-BA82-A014007812DE}.Debug|Win32.ActiveCfg = Debug|Win32
		{AFAD6CA0-0992-4AA7-BA82-A014007812DE}.Debug|Win32.Build.0 = Debug|Win32
		{AFAD6CA0-0992-4AA7-BA82-A014007812DE}.Debug|x64.ActiveCfg = Debug|Win32
		{AFAD6CA0-0992-4AA7-BA82-A014007812DE}.MinSizeRel|Any CPU.ActiveCfg = Release|Win32
		{AFAD6CA0-0992-4AA7-BA82-A014007812DE}.MinSizeRel|Mixed Platforms.ActiveCfg = Release|Win32
		{AFAD6CA0-0992-4AA7-BA82-A014007812DE}.MinSizeRel|Mixed Platforms.Build.0 = Release|Win32
		{AFAD6CA0-0992-4AA7-BA82-A014007812DE}.MinSizeRel|Win32.ActiveCfg = Release|Win32
		{AFAD6CA0-0992-4AA7-BA82-A014007812DE}.MinSizeRel|Win32.Build.0 = Release|Win32
		{AFAD6CA0-0992-4AA7-BA82-A014007812DE}.MinSizeRel|x64.ActiveCfg = Release|Win32
		{AFAD6CA0-0992-4AA7-BA82-A014007812DE}.Release|Any CPU.ActiveCfg = Release|Win32
		{AFAD6CA0-0992-4AA7-BA82-A014007812DE}.Release|Mixed Platforms.ActiveCfg = Release|Win32
		{AFAD6CA0-0992-4AA7-BA82-A014007812DE}.Release|Mixed Platforms.Build.0 = Release|Win32
		{AFAD6CA0-0992-4AA7-BA82-A014007812DE}.Release|Win32.ActiveCfg = Release|Win32
		{AFAD6CA0-0992-4AA7-BA82-A014007812DE}.Release|Win32.Build.0 = Release|Win32
		{AFAD6CA0-0992-4AA7-BA82-A014007812DE}.Release|x64.ActiveCfg = Release|Win32
		{AFAD6CA0-0992-4AA7-BA82-A014007812DE}.RelWithDebInfo|Any CPU.ActiveCfg = Release|Win32
		{AFAD6CA0-0992-4AA7-BA82-A014007812DE}.RelWithDebInfo|Mixed Platforms.ActiveCfg = Release|Win32
		{AFAD6CA0-0992-4AA7-BA82-A014007812DE}.RelWithDebInfo|Mixed Platforms.Build.0 = Release|Win32
		{AFAD6CA0-0992-4AA7-BA82-A014007812DE}.RelWithDebInfo|Win32.ActiveCfg = Release|Win32
		{AFAD6CA0-0992-4AA7-BA82-A014007812DE}.RelWithDebInfo|Win32.Build.0 = Release|Win32
		{AFAD6CA0-0992-4AA7-BA82-A014007812DE}.RelWithDebInfo|x64.ActiveCfg = Release|Win32
		{1062AAD5-13BF-424A-A03D-136896C04C4F}.Debug|Any CPU.ActiveCfg = Debug|Win32
		{1062AAD5-13BF-424A-A03D-136896C04C4F}.Debug|Mixed Platforms.ActiveCfg = Debug|Win32
		{1062AAD5-13BF-424A-A03D-136896C04C4F}.Debug|Mixed Platforms.Build.0 = Debug|Win32
		{1062AAD5-13BF-424A-A03D-136896C04C4F}.Debug|Win32.ActiveCfg = Debug|Win32
		{1062AAD5-13BF-424A-A03D-136896C04C4F}.Debug|Win32.Build.0 = Debug|Win32
		{1062AAD5-13BF-424A-A03D-136896C04C4F}.Debug|x64.ActiveCfg = Debug|Win32
		{1062AAD5-13BF-424A-A03D-136896C04C4F}.MinSizeRel|Any CPU.ActiveCfg = Release|Win32
		{1062AAD5-13BF-424A-A03D-136896C04C4F}.MinSizeRel|Mixed Platforms.ActiveCfg = Release|Win32
		{1062AAD5-13BF-424A-A03D-136896C04C4F}.MinSizeRel|Mixed Platforms.Build.0 = Release|Win32
		{1062AAD5-13BF-424A-A03D-136896C04C4F}.MinSizeRel|Win32.ActiveCfg = Release|Win32
		{1062AAD5-13BF-424A-A03D-136896C04C4F}.MinSizeRel|Win32.Build.0 = Release|Win32
		{1062AAD5-13BF-424A-A03D-136896C04C4F}.MinSizeRel|x64.ActiveCfg = Release|Win32
		{1062AAD5-13BF-424A-A03D-136896C04C4F}.Release|Any CPU.ActiveCfg = Release|Win32
		{1062AAD5-13BF-424A-A03D-136896C04C4F}.Release|Mixed Platforms.ActiveCfg = Release|Win32
		{1062AAD5-13BF-424A-A03D-136896C04C4F}.Release|Mixed Platforms.Build.0 = Release|Win32
		{1062AAD5-13BF-424A-A03D-136896C04C4F}.Release|Win32.ActiveCfg = Release|Win32
		{1062AAD5-13BF-424A-A03D-136896C04C4F}.Release|Win32.Build.0 = Release|Win32
		{1062AAD5-13BF-424A-A03D-136896C04C4F}.Release|x64.ActiveCfg = Release|Win32
		{1062AAD5-13BF-424A-A03D-136896C04C4F}.RelWithDebInfo|Any CPU.ActiveCfg = Release|Win32
		{1062AAD5-13BF-424A-A03D-136896C04C4F}.RelWithDebInfo|Mixed Platforms.ActiveCfg = Release|Win32
		{1062AAD5-13BF-424A-A03D-136896C04C4F}.RelWithDebInfo|Mixed Platforms.Build.0 = Release|Win32
		{1062AAD5-13BF-424A-A03D-136896C04C4F}.RelWithDebInfo|Win32.ActiveCfg = Release|Win32
		{1062AAD5-13BF-424A-A03D-136896C04C4F}.RelWithDebInfo|Win32.Build.0 = Release|Win32
		{1062AAD5-13BF-424A-A03D-136896C04C4F}.RelWithDebInfo|x64.ActiveCfg = Release|Win32
		{F2D275FD-32BA-43D1-B155-E17988EEC88C}.Debug|Any CPU.ActiveCfg = Debug|Win32
		{F2D275FD-32BA-43D1-B155-E17988EEC88C}.Debug|Mixed Platforms.ActiveCfg = Debug|Win32
		{F2D275FD-32BA-43D1-B155-E17988EEC88C}.Debug|Mixed Platforms.Build.0 = Debug|Win32
		{F2D275FD-32BA-43D1-B155-E17988EEC88C}.Debug|Win32.ActiveCfg = Debug|Win32
		{F2D275FD-32BA-43D1-B155-E17988EEC88C}.Debug|Win32.Build.0 = Debug|Win32
		{F2D275FD-32BA-43D1-B155-E17988EEC88C}.Debug|x64.ActiveCfg = Debug|Win32
		{F2D275FD-32BA-43D1-B155-E17988EEC88C}.MinSizeRel|Any CPU.ActiveCfg = Release|Win32
		{F2D275FD-32BA-43D1-B155-E17988EEC88C}.MinSizeRel|Mixed Platforms.ActiveCfg = Release|Win32
		{F2D275FD-32BA-43D1-B155-E17988EEC88C}.MinSizeRel|Mixed Platforms.Build.0 = Release|Win32
		{F2D275FD-32BA-43D1-B155-E17988EEC88C}.MinSizeRel|Win32.ActiveCfg = Release|Win32
		{F2D275FD-32BA-43D1-B155-E17988EEC88C}.MinSizeRel|Win32.Build.0 = Release|Win32
		{F2D275FD-32BA-43D1-B155-E17988EEC88C}.MinSizeRel|x64.ActiveCfg = Release|Win32
		{F2D275FD-32BA-43D1-B155-E17988EEC88C}.Release|Any CPU.ActiveCfg = Release|Win32
		{F2D275FD-32BA-43D1-B155-E17988EEC88C}.Release|Mixed Platforms.ActiveCfg = Release|Win32
		{F2D275FD-32BA-43D1-B155-E17988EEC88C}.Release|Mixed Platforms.Build.0 = Release|Win32
		{F2D275FD-32BA-43D1-B155-E17988EEC88C}.Release|Win32.ActiveCfg = Release|Win32
		{F2D275FD-32BA-43D1-B155-E17988EEC88C}.Release|Win32.Build.0 = Release|Win32
		{F2D275FD-32BA-43D1-B155-E17988EEC88C}.Release|x64.ActiveCfg = Release|Win32
		{F2D275FD-32BA-43D1-B155-E17988EEC88C}.RelWithDebInfo|Any CPU.ActiveCfg = Release|Win32
		{F2D275FD-32BA-43D1-B155-E17988EEC88C}.RelWithDebInfo|Mixed Platforms.ActiveCfg = Release|Win32
		{F2D275FD-32BA-43D1-B155-E17988EEC88C}.RelWithDebInfo|Mixed Platforms.Build.0 = Release|Win32
		{F2D275FD-32BA-43D1-B155-E17988EEC88C}.RelWithDebInfo|Win32.ActiveCfg = Release|Win32
		{F2D275FD-32BA-43D1-B155-E17988EEC88C}.RelWithDebInfo|Win32.Build.0 = Release|Win32
		{F2D275FD-32BA-43D1-B155-E17988EEC88C}.RelWithDebInfo|x64.ActiveCfg = Release|Win32
		{569A12E4-7A87-4769-B91B-ACDEA8051DF2}.Debug|Any CPU.ActiveCfg = Debug|Win32
		{569A12E4-7A87-4769-B91B-ACDEA8051DF2}.Debug|Mixed Platforms.ActiveCfg = Debug|Win32
		{569A12E4-7A87-4769-B91B-ACDEA8051DF2}.Debug|Mixed Platforms.Build.0 = Debug|Win32
		{569A12E4-7A87-4769-B91B-ACDEA8051DF2}.Debug|Win32.ActiveCfg = Debug|Win32
		{569A12E4-7A87-4769-B91B-ACDEA8051DF2}.Debug|Win32.Build.0 = Debug|Win32
		{569A12E4-7A87-4769-B91B-ACDEA8051DF2}.Debug|x64.ActiveCfg = Debug|Win32
		{569A12E4-7A87-4769-B91B-ACDEA8051DF2}.MinSizeRel|Any CPU.ActiveCfg = Release|Win32
		{569A12E4-7A87-4769-B91B-ACDEA8051DF2}.MinSizeRel|Mixed Platforms.ActiveCfg = Release|Win32
		{569A12E4-7A87-4769-B91B-ACDEA8051DF2}.MinSizeRel|Mixed Platforms.Build.0 = Release|Win32
		{569A12E4-7A87-4769-B91B-ACDEA8051DF2}.MinSizeRel|Win32.ActiveCfg = Release|Win32
		{569A12E4-7A87-4769-B91B-ACDEA8051DF2}.MinSizeRel|Win32.Build.0 = Release|Win32
		{569A12E4-7A87-4769-B91B-ACDEA8051DF2}.MinSizeRel|x64.ActiveCfg = Release|Win32
		{569A12E4-7A87-4769-B91B-ACDEA8051DF2}.Release|Any CPU.ActiveCfg = Release|Win32
		{569A12E4-7A87-4769-B91B-ACDEA8051DF2}.Release|Mixed Platforms.ActiveCfg = Release|Win32
		{569A12E4-7A87-4769-B91B-ACDEA8051DF2}.Release|Mixed Platforms.Build.0 = Release|Win32
		{569A12E4-7A87-4769-B91B-ACDEA8051DF2}.Release|Win32.ActiveCfg = Release|Win32
		{569A12E4-7A87-4769-B91B-ACDEA8051DF2}.Release|Win32.Build.0 = Release|Win32
		{569A12E4-7A87-4769-B91B-ACDEA8051DF2}.Release|x64.ActiveCfg = Release|Win32
		{569A12E4-7A87-4769-B91B-ACDEA8051DF2}.RelWithDebInfo|Any CPU.ActiveCfg = Release|Win32
		{569A12E4-7A87-4769-B91B-ACDEA8051DF2}.RelWithDebInfo|Mixed Platforms.ActiveCfg = Release|Win32
		{569A12E4-7A87-4769-B91B-ACDEA8051DF2}.RelWithDebInfo|Mixed Platforms.Build.0 = Release|Win32
		{569A12E4-7A87-4769-B91B-ACDEA8051DF2}.RelWithDebInfo|Win32.ActiveCfg = Release|Win32
		{569A12E4-7A87-4769-B91B-ACDEA8051DF2}.RelWithDebInfo|Win32.Build.0 = Release|Win32
		{569A12E4-7A87-4769-B91B-ACDEA8051DF2}.RelWithDebInfo|x64.ActiveCfg = Release|Win32
		{4961F3A5-0FC0-487A-BEF3-8313C981AB49}.Debug|Any CPU.ActiveCfg = Debug|Win32
		{4961F3A5-0FC0-487A-BEF3-8313C981AB49}.Debug|Mixed Platforms.ActiveCfg = Debug|Win32
		{4961F3A5-0FC0-487A-BEF3-8313C981AB49}.Debug|Mixed Platforms.Build.0 = Debug|Win32
		{4961F3A5-0FC0-487A-BEF3-8313C981AB49}.Debug|Win32.ActiveCfg = Debug|Win32
		{4961F3A5-0FC0-487A-BEF3-8313C981AB49}.Debug|Win32.Build.0 = Debug|Win32
		{4961F3A5-0FC0-487A-BEF3-8313C981AB49}.Debug|x64.ActiveCfg = Debug|Win32
		{4961F3A5-0FC0-487A-BEF3-8313C981AB49}.MinSizeRel|Any CPU.ActiveCfg = Release|Win32
		{4961F3A5-0FC0-487A-BEF3-8313C981AB49}.MinSizeRel|Mixed Platforms.ActiveCfg = Release|Win32
		{4961F3A5-0FC0-487A-BEF3-8313C981AB49}.MinSizeRel|Mixed Platforms.Build.0 = Release|Win32
		{4961F3A5-0FC0-487A-BEF3-8313C981AB49}.MinSizeRel|Win32.ActiveCfg = Release|Win32
		{4961F3A5-0FC0-487A-BEF3-8313C981AB49}.MinSizeRel|Win32.Build.0 = Release|Win32
		{4961F3A5-0FC0-487A-BEF3-8313C981AB49}.MinSizeRel|x64.ActiveCfg = Release|Win32
		{4961F3A5-0FC0-487A-BEF3-8313C981AB49}.Release|Any CPU.ActiveCfg = Release|Win32
		{4961F3A5-0FC0-487A-BEF3-8313C981AB49}.Release|Mixed Platforms.ActiveCfg = Release|Win32
		{4961F3A5-0FC0-487A-BEF3-8313C981AB49}.Release|Mixed Platforms.Build.0 = Release|Win32
		{4961F3A5-0FC0-487A-BEF3-8313C981AB49}.Release|Win32.ActiveCfg = Release|Win32
		{4961F3A5-0FC0-487A-BEF3-8313C981AB49}.Release|Win32.Build.0 = Release|Win32
		{4961F3A5-0FC0-487A-BEF3-8313C981AB49}.Release|x64.ActiveCfg = Release|Win32
		{4961F3A5-0FC0-487A-BEF3-8313C981AB49}.RelWithDebInfo|Any CPU.ActiveCfg = Release|Win32
		{4961F3A5-0FC0-487A-BEF3-8313C981AB49}.RelWithDebInfo|Mixed Platforms.ActiveCfg = Release|Win32
		{4961F3A5-0FC0-487A-BEF3-8313C981AB49}.RelWithDebInfo|Mixed Platforms.Build.0 = Release|Win32
		{4961F3A5-0FC0-487A-BEF3-8313C981AB49}.RelWithDebInfo|Win32.ActiveCfg = Release|Win32
		{4961F3A5-0FC0-487A-BEF3-8313C981AB49}.RelWithDebInfo|Win32.Build.0 = Release|Win32
		{4961F3A5-0FC0-487A-BEF3-8313C981AB49}.RelWithDebInfo|x64.ActiveCfg = Release|Win32
		{C409B8BC-41BD-439F-BAE3-FB7D9B4E3569}.Debug|Any CPU.ActiveCfg = Debug|Win32
		{C409B8BC-41BD-439F-BAE3-FB7D9B4E3569}.Debug|Mixed Platforms.ActiveCfg = Debug|Win32
		{C409B8BC-41BD-439F-BAE3-FB7D9B4E3569}.Debug|Mixed Platforms.Build.0 = Debug|Win32
		{C409B8BC-41BD-439F-BAE3-FB7D9B4E3569}.Debug|Win32.ActiveCfg = Debug|Win32
		{C409B8BC-41BD-439F-BAE3-FB7D9B4E3569}.Debug|Win32.Build.0 = Debug|Win32
		{C409B8BC-41BD-439F-BAE3-FB7D9B4E3569}.Debug|x64.ActiveCfg = Debug|Win32
		{C409B8BC-41BD-439F-BAE3-FB7D9B4E3569}.MinSizeRel|Any CPU.ActiveCfg = Release|Win32
		{C409B8BC-41BD-439F-BAE3-FB7D9B4E3569}.MinSizeRel|Mixed Platforms.ActiveCfg = Release|Win32
		{C409B8BC-41BD-439F-BAE3-FB7D9B4E3569}.MinSizeRel|Mixed Platforms.Build.0 = Release|Win32
		{C409B8BC-41BD-439F-BAE3-FB7D9B4E3569}.MinSizeRel|Win32.ActiveCfg = Release|Win32
		{C409B8BC-41BD-439F-BAE3-FB7D9B4E3569}.MinSizeRel|Win32.Build.0 = Release|Win32
		{C409B8BC-41BD-439F-BAE3-FB7D9B4E3569}.MinSizeRel|x64.ActiveCfg = Release|Win32
		{C409B8BC-41BD-439F-BAE3-FB7D9B4E3569}.Release|Any CPU.ActiveCfg = Release|Win32
		{C409B8BC-41BD-439F-BAE3-FB7D9B4E3569}.Release|Mixed Platforms.ActiveCfg = Release|Win32
		{C409B8BC-41BD-439F-BAE3-FB7D9B4E3569}.Release|Mixed Platforms.Build.0 = Release|Win32
		{C409B8BC-41BD-439F-BAE3-FB7D9B4E3569}.Release|Win32.ActiveCfg = Release|Win32
		{C409B8BC-41BD-439F-BAE3-FB7D9B4E3569}.Release|Win32.Build.0 = Release|Win32
		{C409B8BC-41BD-439F-BAE3-FB7D9B4E3569}.Release|x64.ActiveCfg = Release|Win32
		{C409B8BC-41BD-439F-BAE3-FB7D9B4E3569}.RelWithDebInfo|Any CPU.ActiveCfg = Release|Win32
		{C409B8BC-41BD-439F-BAE3-FB7D9B4E3569}.RelWithDebInfo|Mixed Platforms.ActiveCfg = Release|Win32
		{C409B8BC-41BD-439F-BAE3-FB7D9B4E3569}.RelWithDebInfo|Mixed Platforms.Build.0 = Release|Win32
		{C409B8BC-41BD-439F-BAE3-FB7D9B4E3569}.RelWithDebInfo|Win32.ActiveCfg = Release|Win32
		{C409B8BC-41BD-439F-BAE3-FB7D9B4E3569}.RelWithDebInfo|Win32.Build.0 = Release|Win32
		{C409B8BC-41BD-439F-BAE3-FB7D9B4E3569}.RelWithDebInfo|x64.ActiveCfg = Release|Win32
		{5E9C8D62-5AC6-774A-99E8-F778BCCDEED2}.Debug|Any CPU.ActiveCfg = Debug|Win32
		{5E9C8D62-5AC6-774A-99E8-F778BCCDEED2}.Debug|Mixed Platforms.ActiveCfg = Debug|Win32
		{5E9C8D62-5AC6-774A-99E8-F778BCCDEED2}.Debug|Mixed Platforms.Build.0 = Debug|Win32
		{5E9C8D62-5AC6-774A-99E8-F778BCCDEED2}.Debug|Win32.ActiveCfg = Debug|Win32
		{5E9C8D62-5AC6-774A-99E8-F778BCCDEED2}.Debug|Win32.Build.0 = Debug|Win32
		{5E9C8D62-5AC6-774A-99E8-F778BCCDEED2}.Debug|x64.ActiveCfg = Debug|x64
		{5E9C8D62-5AC6-774A-99E8-F778BCCDEED2}.Debug|x64.Build.0 = Debug|x64
		{5E9C8D62-5AC6-774A-99E8-F778BCCDEED2}.MinSizeRel|Any CPU.ActiveCfg = Release|Win32
		{5E9C8D62-5AC6-774A-99E8-F778BCCDEED2}.MinSizeRel|Mixed Platforms.ActiveCfg = Release|Win32
		{5E9C8D62-5AC6-774A-99E8-F778BCCDEED2}.MinSizeRel|Mixed Platforms.Build.0 = Release|Win32
		{5E9C8D62-5AC6-774A-99E8-F778BCCDEED2}.MinSizeRel|Win32.ActiveCfg = Release|Win32
		{5E9C8D62-5AC6-774A-99E8-F778BCCDEED2}.MinSizeRel|Win32.Build.0 = Release|Win32
		{5E9C8D62-5AC6-774A-99E8-F778BCCDEED2}.MinSizeRel|x64.ActiveCfg = Release|x64
		{5E9C8D62-5AC6-774A-99E8-F778BCCDEED2}.MinSizeRel|x64.Build.0 = Release|x64
		{5E9C8D62-5AC6-774A-99E8-F778BCCDEED2}.Release|Any CPU.ActiveCfg = Release|Win32
		{5E9C8D62-5AC6-774A-99E8-F778BCCDEED2}.Release|Mixed Platforms.ActiveCfg = Release|Win32
		{5E9C8D62-5AC6-774A-99E8-F778BCCDEED2}.Release|Mixed Platforms.Build.0 = Release|Win32
		{5E9C8D62-5AC6-774A-99E8-F778BCCDEED2}.Release|Win32.ActiveCfg = Release|Win32
		{5E9C8D62-5AC6-774A-99E8-F778BCCDEED2}.Release|Win32.Build.0 = Release|Win32
		{5E9C8D62-5AC6-774A-99E8-F778BCCDEED2}.Release|x64.ActiveCfg = Release|x64
		{5E9C8D62-5AC6-774A-99E8-F778BCCDEED2}.Release|x64.Build.0 = Release|x64
		{5E9C8D62-5AC6-774A-99E8-F778BCCDEED2}.RelWithDebInfo|Any CPU.ActiveCfg = Release|Win32
		{5E9C8D62-5AC6-774A-99E8-F778BCCDEED2}.RelWithDebInfo|Mixed Platforms.ActiveCfg = Release|Win32
		{5E9C8D62-5AC6-774A-99E8-F778BCCDEED2}.RelWithDebInfo|Mixed Platforms.Build.0 = Release|Win32
		{5E9C8D62-5AC6-774A-99E8-F778BCCDEED2}.RelWithDebInfo|Win32.ActiveCfg = Release|Win32
		{5E9C8D62-5AC6-774A-99E8-F778BCCDEED2}.RelWithDebInfo|Win32.Build.0 = Release|Win32
		{5E9C8D62-5AC6-774A-99E8-F778BCCDEED2}.RelWithDebInfo|x64.ActiveCfg = Release|x64
		{5E9C8D62-5AC6-774A-99E8-F778BCCDEED2}.RelWithDebInfo|x64.Build.0 = Release|x64
		{8F5C9BDF-AC6F-F64F-AF86-4DA030F93A58}.Debug|Any CPU.ActiveCfg = Debug|Win32
		{8F5C9BDF-AC6F-F64F-AF86-4DA030F93A58}.Debug|Mixed Platforms.ActiveCfg = Debug|Win32
		{8F5C9BDF-AC6F-F64F-AF86-4DA030F93A58}.Debug|Mixed Platforms.Build.0 = Debug|Win32
		{8F5C9BDF-AC6F-F64F-AF86-4DA030F93A58}.Debug|Win32.ActiveCfg = Debug|Win32
		{8F5C9BDF-AC6F-F64F-AF86-4DA030F93A58}.Debug|Win32.Build.0 = Debug|Win32
		{8F5C9BDF-AC6F-F64F-AF86-4DA030F93A58}.Debug|x64.ActiveCfg = Debug|x64
		{8F5C9BDF-AC6F-F64F-AF86-4DA030F93A58}.Debug|x64.Build.0 = Debug|x64
		{8F5C9BDF-AC6F-F64F-AF86-4DA030F93A58}.MinSizeRel|Any CPU.ActiveCfg = Release|Win32
		{8F5C9BDF-AC6F-F64F-AF86-4DA030F93A58}.MinSizeRel|Mixed Platforms.ActiveCfg = Release|Win32
		{8F5C9BDF-AC6F-F64F-AF86-4DA030F93A58}.MinSizeRel|Mixed Platforms.Build.0 = Release|Win32
		{8F5C9BDF-AC6F-F64F-AF86-4DA030F93A58}.MinSizeRel|Win32.ActiveCfg = Release|Win32
		{8F5C9BDF-AC6F-F64F-AF86-4DA030F93A58}.MinSizeRel|Win32.Build.0 = Release|Win32
		{8F5C9BDF-AC6F-F64F-AF86-4DA030F93A58}.MinSizeRel|x64.ActiveCfg = Release|x64
		{8F5C9BDF-AC6F-F64F-AF86-4DA030F93A58}.MinSizeRel|x64.Build.0 = Release|x64
		{8F5C9BDF-AC6F-F64F-AF86-4DA030F93A58}.Release|Any CPU.ActiveCfg = Release|Win32
		{8F5C9BDF-AC6F-F64F-AF86-4DA030F93A58}.Release|Mixed Platforms.ActiveCfg = Release|Win32
		{8F5C9BDF-AC6F-F64F-AF86-4DA030F93A58}.Release|Mixed Platforms.Build.0 = Release|Win32
		{8F5C9BDF-AC6F-F64F-AF86-4DA030F93A58}.Release|Win32.ActiveCfg = Release|Win32
		{8F5C9BDF-AC6F-F64F-AF86-4DA030F93A58}.Release|Win32.Build.0 = Release|Win32
		{8F5C9BDF-AC6F-F64F-AF86-4DA030F93A58}.Release|x64.ActiveCfg = Release|x64
		{8F5C9BDF-AC6F-F64F-AF86-4DA030F93A58}.Release|x64.Build.0 = Release|x64
		{8F5C9BDF-AC6F-F64F-AF86-4DA030F93A58}.RelWithDebInfo|Any CPU.ActiveCfg = Release|Win32
		{8F5C9BDF-AC6F-F64F-AF86-4DA030F93A58}.RelWithDebInfo|Mixed Platforms.ActiveCfg = Release|Win32
		{8F5C9BDF-AC6F-F64F-AF86-4DA030F93A58}.RelWithDebInfo|Mixed Platforms.Build.0 = Release|Win32
		{8F5C9BDF-AC6F-F64F-AF86-4DA030F93A58}.RelWithDebInfo|Win32.ActiveCfg = Release|Win32
		{8F5C9BDF-AC6F-F64F-AF86-4DA030F93A58}.RelWithDebInfo|Win32.Build.0 = Release|Win32
		{8F5C9BDF-AC6F-F64F-AF86-4DA030F93A58}.RelWithDebInfo|x64.ActiveCfg = Release|x64
		{8F5C9BDF-AC6F-F64F-AF86-4DA030F93A58}.RelWithDebInfo|x64.Build.0 = Release|x64
		{2A35E0C0-B05F-324D-8233-8DC92198F05B}.Debug|Any CPU.ActiveCfg = Debug|Win32
		{2A35E0C0-B05F-324D-8233-8DC92198F05B}.Debug|Mixed Platforms.ActiveCfg = Debug|Win32
		{2A35E0C0-B05F-324D-8233-8DC92198F05B}.Debug|Mixed Platforms.Build.0 = Debug|Win32
		{2A35E0C0-B05F-324D-8233-8DC92198F05B}.Debug|Win32.ActiveCfg = Debug|Win32
		{2A35E0C0-B05F-324D-8233-8DC92198F05B}.Debug|Win32.Build.0 = Debug|Win32
		{2A35E0C0-B05F-324D-8233-8DC92198F05B}.Debug|x64.ActiveCfg = Debug|x64
		{2A35E0C0-B05F-324D-8233-8DC92198F05B}.Debug|x64.Build.0 = Debug|x64
		{2A35E0C0-B05F-324D-8233-8DC92198F05B}.MinSizeRel|Any CPU.ActiveCfg = Release|Win32
		{2A35E0C0-B05F-324D-8233-8DC92198F05B}.MinSizeRel|Mixed Platforms.ActiveCfg = Release|Win32
		{2A35E0C0-B05F-324D-8233-8DC92198F05B}.MinSizeRel|Mixed Platforms.Build.0 = Release|Win32
		{2A35E0C0-B05F-324D-8233-8DC92198F05B}.MinSizeRel|Win32.ActiveCfg = Release|Win32
		{2A35E0C0-B05F-324D-8233-8DC92198F05B}.MinSizeRel|Win32.Build.0 = Release|Win32
		{2A35E0C0-B05F-324D-8233-8DC92198F05B}.MinSizeRel|x64.ActiveCfg = Release|x64
		{2A35E0C0-B05F-324D-8233-8DC92198F05B}.MinSizeRel|x64.Build.0 = Release|x64
		{2A35E0C0-B05F-324D-8233-8DC92198F05B}.Release|Any CPU.ActiveCfg = Release|Win32
		{2A35E0C0-B05F-324D-8233-8DC92198F05B}.Release|Mixed Platforms.ActiveCfg = Release|Win32
		{2A35E0C0-B05F-324D-8233-8DC92198F05B}.Release|Mixed Platforms.Build.0 = Release|Win32
		{2A35E0C0-B05F-324D-8233-8DC92198F05B}.Release|Win32.ActiveCfg = Release|Win32
		{2A35E0C0-B05F-324D-8233-8DC92198F05B}.Release|Win32.Build.0 = Release|Win32
		{2A35E0C0-B05F-324D-8233-8DC92198F05B}.Release|x64.ActiveCfg = Release|x64
		{2A35E0C0-B05F-324D-8233-8DC92198F05B}.Release|x64.Build.0 = Release|x64
		{2A35E0C0-B05F-324D-8233-8DC92198F05B}.RelWithDebInfo|Any CPU.ActiveCfg = Release|Win32
		{2A35E0C0-B05F-324D-8233-8DC92198F05B}.RelWithDebInfo|Mixed Platforms.ActiveCfg = Release|Win32
		{2A35E0C0-B05F-324D-8233-8DC92198F05B}.RelWithDebInfo|Mixed Platforms.Build.0 = Release|Win32
		{2A35E0C0-B05F-324D-8233-8DC92198F05B}.RelWithDebInfo|Win32.ActiveCfg = Release|Win32
		{2A35E0C0-B05F-324D-8233-8DC92198F05B}.RelWithDebInfo|Win32.Build.0 = Release|Win32
		{2A35E0C0-B05F-324D-8233-8DC92198F05B}.RelWithDebInfo|x64.ActiveCfg = Release|x64
		{2A35E0C0-B05F-324D-8233-8DC92198F05B}.RelWithDebInfo|x64.Build.0 = Release|x64
		{5D9174DC-FE98-4D01-B470-954BFF4AF2B4}.Debug|Any CPU.ActiveCfg = Debug|Win32
		{5D9174DC-FE98-4D01-B470-954BFF4AF2B4}.Debug|Mixed Platforms.ActiveCfg = Debug|Win32
		{5D9174DC-FE98-4D01-B470-954BFF4AF2B4}.Debug|Mixed Platforms.Build.0 = Debug|Win32
		{5D9174DC-FE98-4D01-B470-954BFF4AF2B4}.Debug|Win32.ActiveCfg = Debug|Win32
		{5D9174DC-FE98-4D01-B470-954BFF4AF2B4}.Debug|Win32.Build.0 = Debug|Win32
		{5D9174DC-FE98-4D01-B470-954BFF4AF2B4}.Debug|x64.ActiveCfg = Debug|Win32
		{5D9174DC-FE98-4D01-B470-954BFF4AF2B4}.MinSizeRel|Any CPU.ActiveCfg = Release|Win32
		{5D9174DC-FE98-4D01-B470-954BFF4AF2B4}.MinSizeRel|Mixed Platforms.ActiveCfg = Release|Win32
		{5D9174DC-FE98-4D01-B470-954BFF4AF2B4}.MinSizeRel|Mixed Platforms.Build.0 = Release|Win32
		{5D9174DC-FE98-4D01-B470-954BFF4AF2B4}.MinSizeRel|Win32.ActiveCfg = Release|Win32
		{5D9174DC-FE98-4D01-B470-954BFF4AF2B4}.MinSizeRel|Win32.Build.0 = Release|Win32
		{5D9174DC-FE98-4D01-B470-954BFF4AF2B4}.MinSizeRel|x64.ActiveCfg = Release|Win32
		{5D9174DC-FE98-4D01-B470-954BFF4AF2B4}.Release|Any CPU.ActiveCfg = Release|Win32
		{5D9174DC-FE98-4D01-B470-954BFF4AF2B4}.Release|Mixed Platforms.ActiveCfg = Release|Win32
		{5D9174DC-FE98-4D01-B470-954BFF4AF2B4}.Release|Mixed Platforms.Build.0 = Release|Win32
		{5D9174DC-FE98-4D01-B470-954BFF4AF2B4}.Release|Win32.ActiveCfg = Release|Win32
		{5D9174DC-FE98-4D01-B470-954BFF4AF2B4}.Release|Win32.Build.0 = Release|Win32
		{5D9174DC-FE98-4D01-B470-954BFF4AF2B4}.Release|x64.ActiveCfg = Release|Win32
		{5D9174DC-FE98-4D01-B470-954BFF4AF2B4}.RelWithDebInfo|Any CPU.ActiveCfg = Release|Win32
		{5D9174DC-FE98-4D01-B470-954BFF4AF2B4}.RelWithDebInfo|Mixed Platforms.ActiveCfg = Release|Win32
		{5D9174DC-FE98-4D01-B470-954BFF4AF2B4}.RelWithDebInfo|Mixed Platforms.Build.0 = Release|Win32
		{5D9174DC-FE98-4D01-B470-954BFF4AF2B4}.RelWithDebInfo|Win32.ActiveCfg = Release|Win32
		{5D9174DC-FE98-4D01-B470-954BFF4AF2B4}.RelWithDebInfo|Win32.Build.0 = Release|Win32
		{5D9174DC-FE98-4D01-B470-954BFF4AF2B4}.RelWithDebInfo|x64.ActiveCfg = Release|Win32
		{3E29D947-3FB4-4C26-B500-5670D36A3CF7}.Debug|Any CPU.ActiveCfg = Debug|Win32
		{3E29D947-3FB4-4C26-B500-5670D36A3CF7}.Debug|Mixed Platforms.ActiveCfg = Debug|Win32
		{3E29D947-3FB4-4C26-B500-5670D36A3CF7}.Debug|Mixed Platforms.Build.0 = Debug|Win32
		{3E29D947-3FB4-4C26-B500-5670D36A3CF7}.Debug|Win32.ActiveCfg = Debug|Win32
		{3E29D947-3FB4-4C26-B500-5670D36A3CF7}.Debug|Win32.Build.0 = Debug|Win32
		{3E29D947-3FB4-4C26-B500-5670D36A3CF7}.Debug|x64.ActiveCfg = Debug|Win32
		{3E29D947-3FB4-4C26-B500-5670D36A3CF7}.MinSizeRel|Any CPU.ActiveCfg = Release|Win32
		{3E29D947-3FB4-4C26-B500-5670D36A3CF7}.MinSizeRel|Mixed Platforms.ActiveCfg = Release|Win32
		{3E29D947-3FB4-4C26-B500-5670D36A3CF7}.MinSizeRel|Mixed Platforms.Build.0 = Release|Win32
		{3E29D947-3FB4-4C26-B500-5670D36A3CF7}.MinSizeRel|Win32.ActiveCfg = Release|Win32
		{3E29D947-3FB4-4C26-B500-5670D36A3CF7}.MinSizeRel|Win32.Build.0 = Release|Win32
		{3E29D947-3FB4-4C26-B500-5670D36A3CF7}.MinSizeRel|x64.ActiveCfg = Release|Win32
		{3E29D947-3FB4-4C26-B500-5670D36A3CF7}.Release|Any CPU.ActiveCfg = Release|Win32
		{3E29D947-3FB4-4C26-B500-5670D36A3CF7}.Release|Mixed Platforms.ActiveCfg = Release|Win32
		{3E29D947-3FB4-4C26-B500-5670D36A3CF7}.Release|Mixed Platforms.Build.0 = Release|Win32
		{3E29D947-3FB4-4C26-B500-5670D36A3CF7}.Release|Win32.ActiveCfg = Release|Win32
		{3E29D947-3FB4-4C26-B500-5670D36A3CF7}.Release|Win32.Build.0 = Release|Win32
		{3E29D947-3FB4-4C26-B500-5670D36A3CF7}.Release|x64.ActiveCfg = Release|Win32
		{3E29D947-3FB4-4C26-B500-5670D36A3CF7}.RelWithDebInfo|Any CPU.ActiveCfg = Release|Win32
		{3E29D947-3FB4-4C26-B500-5670D36A3CF7}.RelWithDebInfo|Mixed Platforms.ActiveCfg = Release|Win32
		{3E29D947-3FB4-4C26-B500-5670D36A3CF7}.RelWithDebInfo|Mixed Platforms.Build.0 = Release|Win32
		{3E29D947-3FB4-4C26-B500-5670D36A3CF7}.RelWithDebInfo|Win32.ActiveCfg = Release|Win32
		{3E29D947-3FB4-4C26-B500-5670D36A3CF7}.RelWithDebInfo|Win32.Build.0 = Release|Win32
		{3E29D947-3FB4-4C26-B500-5670D36A3CF7}.RelWithDebInfo|x64.ActiveCfg = Release|Win32
		{0365B47C-0806-2D4C-C633-BFFE035A6182}.Debug|Any CPU.ActiveCfg = Debug|Win32
		{0365B47C-0806-2D4C-C633-BFFE035A6182}.Debug|Mixed Platforms.ActiveCfg = Debug|Win32
		{0365B47C-0806-2D4C-C633-BFFE035A6182}.Debug|Mixed Platforms.Build.0 = Debug|Win32
		{0365B47C-0806-2D4C-C633-BFFE035A6182}.Debug|Win32.ActiveCfg = Debug|Win32
		{0365B47C-0806-2D4C-C633-BFFE035A6182}.Debug|Win32.Build.0 = Debug|Win32
		{0365B47C-0806-2D4C-C633-BFFE035A6182}.Debug|x64.ActiveCfg = Debug|Win32
		{0365B47C-0806-2D4C-C633-BFFE035A6182}.MinSizeRel|Any CPU.ActiveCfg = Release|Win32
		{0365B47C-0806-2D4C-C633-BFFE035A6182}.MinSizeRel|Mixed Platforms.ActiveCfg = Release|Win32
		{0365B47C-0806-2D4C-C633-BFFE035A6182}.MinSizeRel|Mixed Platforms.Build.0 = Release|Win32
		{0365B47C-0806-2D4C-C633-BFFE035A6182}.MinSizeRel|Win32.ActiveCfg = Release|Win32
		{0365B47C-0806-2D4C-C633-BFFE035A6182}.MinSizeRel|Win32.Build.0 = Release|Win32
		{0365B47C-0806-2D4C-C633-BFFE035A6182}.MinSizeRel|x64.ActiveCfg = Release|Win32
		{0365B47C-0806-2D4C-C633-BFFE035A6182}.Release|Any CPU.ActiveCfg = Release|Win32
		{0365B47C-0806-2D4C-C633-BFFE035A6182}.Release|Mixed Platforms.ActiveCfg = Release|Win32
		{0365B47C-0806-2D4C-C633-BFFE035A6182}.Release|Mixed Platforms.Build.0 = Release|Win32
		{0365B47C-0806-2D4C-C633-BFFE035A6182}.Release|Win32.ActiveCfg = Release|Win32
		{0365B47C-0806-2D4C-C633-BFFE035A6182}.Release|Win32.Build.0 = Release|Win32
		{0365B47C-0806-2D4C-C633-BFFE035A6182}.Release|x64.ActiveCfg = Release|Win32
		{0365B47C-0806-2D4C-C633-BFFE035A6182}.RelWithDebInfo|Any CPU.ActiveCfg = Release|Win32
		{0365B47C-0806-2D4C-C633-BFFE035A6182}.RelWithDebInfo|Mixed Platforms.ActiveCfg = Release|Win32
		{0365B47C-0806-2D4C-C633-BFFE035A6182}.RelWithDebInfo|Mixed Platforms.Build.0 = Release|Win32
		{0365B47C-0806-2D4C-C633-BFFE035A6182}.RelWithDebInfo|Win32.ActiveCfg = Release|Win32
		{0365B47C-0806-2D4C-C633-BFFE035A6182}.RelWithDebInfo|Win32.Build.0 = Release|Win32
		{0365B47C-0806-2D4C-C633-BFFE035A6182}.RelWithDebInfo|x64.ActiveCfg = Release|Win32
		{8F8D2656-B55C-317E-5C19-7C6F8F4C537E}.Debug|Any CPU.ActiveCfg = Debug|Win32
		{8F8D2656-B55C-317E-5C19-7C6F8F4C537E}.Debug|Mixed Platforms.ActiveCfg = Debug|Win32
		{8F8D2656-B55C-317E-5C19-7C6F8F4C537E}.Debug|Mixed Platforms.Build.0 = Debug|Win32
		{8F8D2656-B55C-317E-5C19-7C6F8F4C537E}.Debug|Win32.ActiveCfg = Debug|Win32
		{8F8D2656-B55C-317E-5C19-7C6F8F4C537E}.Debug|Win32.Build.0 = Debug|Win32
		{8F8D2656-B55C-317E-5C19-7C6F8F4C537E}.Debug|x64.ActiveCfg = Debug|Win32
		{8F8D2656-B55C-317E-5C19-7C6F8F4C537E}.MinSizeRel|Any CPU.ActiveCfg = Release|Win32
		{8F8D2656-B55C-317E-5C19-7C6F8F4C537E}.MinSizeRel|Mixed Platforms.ActiveCfg = Release|Win32
		{8F8D2656-B55C-317E-5C19-7C6F8F4C537E}.MinSizeRel|Mixed Platforms.Build.0 = Release|Win32
		{8F8D2656-B55C-317E-5C19-7C6F8F4C537E}.MinSizeRel|Win32.ActiveCfg = Release|Win32
		{8F8D2656-B55C-317E-5C19-7C6F8F4C537E}.MinSizeRel|Win32.Build.0 = Release|Win32
		{8F8D2656-B55C-317E-5C19-7C6F8F4C537E}.MinSizeRel|x64.ActiveCfg = Release|Win32
		{8F8D2656-B55C-317E-5C19-7C6F8F4C537E}.Release|Any CPU.ActiveCfg = Release|Win32
		{8F8D2656-B55C-317E-5C19-7C6F8F4C537E}.Release|Mixed Platforms.ActiveCfg = Release|Win32
		{8F8D2656-B55C-317E-5C19-7C6F8F4C537E}.Release|Mixed Platforms.Build.0 = Release|Win32
		{8F8D2656-B55C-317E-5C19-7C6F8F4C537E}.Release|Win32.ActiveCfg = Release|Win32
		{8F8D2656-B55C-317E-5C19-7C6F8F4C537E}.Release|Win32.Build.0 = Release|Win32
		{8F8D2656-B55C-317E-5C19-7C6F8F4C537E}.Release|x64.ActiveCfg = Release|Win32
		{8F8D2656-B55C-317E-5C19-7C6F8F4C537E}.RelWithDebInfo|Any CPU.ActiveCfg = Release|Win32
		{8F8D2656-B55C-317E-5C19-7C6F8F4C537E}.RelWithDebInfo|Mixed Platforms.ActiveCfg = Release|Win32
		{8F8D2656-B55C-317E-5C19-7C6F8F4C537E}.RelWithDebInfo|Mixed Platforms.Build.0 = Release|Win32
		{8F8D2656-B55C-317E-5C19-7C6F8F4C537E}.RelWithDebInfo|Win32.ActiveCfg = Release|Win32
		{8F8D2656-B55C-317E-5C19-7C6F8F4C537E}.RelWithDebInfo|Win32.Build.0 = Release|Win32
		{8F8D2656-B55C-317E-5C19-7C6F8F4C537E}.RelWithDebInfo|x64.ActiveCfg = Release|Win32
		{4D9A97F4-A135-9173-3480-80F840D9050D}.Debug|Any CPU.ActiveCfg = Debug|Win32
		{4D9A97F4-A135-9173-3480-80F840D9050D}.Debug|Mixed Platforms.ActiveCfg = Debug|Win32
		{4D9A97F4-A135-9173-3480-80F840D9050D}.Debug|Mixed Platforms.Build.0 = Debug|Win32
		{4D9A97F4-A135-9173-3480-80F840D9050D}.Debug|Win32.ActiveCfg = Debug|Win32
		{4D9A97F4-A135-9173-3480-80F840D9050D}.Debug|Win32.Build.0 = Debug|Win32
		{4D9A97F4-A135-9173-3480-80F840D9050D}.Debug|x64.ActiveCfg = Debug|Win32
		{4D9A97F4-A135-9173-3480-80F840D9050D}.MinSizeRel|Any CPU.ActiveCfg = Release|Win32
		{4D9A97F4-A135-9173-3480-80F840D9050D}.MinSizeRel|Mixed Platforms.ActiveCfg = Release|Win32
		{4D9A97F4-A135-9173-3480-80F840D9050D}.MinSizeRel|Mixed Platforms.Build.0 = Release|Win32
		{4D9A97F4-A135-9173-3480-80F840D9050D}.MinSizeRel|Win32.ActiveCfg = Release|Win32
		{4D9A97F4-A135-9173-3480-80F840D9050D}.MinSizeRel|Win32.Build.0 = Release|Win32
		{4D9A97F4-A135-9173-3480-80F840D9050D}.MinSizeRel|x64.ActiveCfg = Release|Win32
		{4D9A97F4-A135-9173-3480-80F840D9050D}.Release|Any CPU.ActiveCfg = Release|Win32
		{4D9A97F4-A135-9173-3480-80F840D9050D}.Release|Mixed Platforms.ActiveCfg = Release|Win32
		{4D9A97F4-A135-9173-3480-80F840D9050D}.Release|Mixed Platforms.Build.0 = Release|Win32
		{4D9A97F4-A135-9173-3480-80F840D9050D}.Release|Win32.ActiveCfg = Release|Win32
		{4D9A97F4-A135-9173-3480-80F840D9050D}.Release|Win32.Build.0 = Release|Win32
		{4D9A97F4-A135-9173-3480-80F840D9050D}.Release|x64.ActiveCfg = Release|Win32
		{4D9A97F4-A135-9173-3480-80F840D9050D}.RelWithDebInfo|Any CPU.ActiveCfg = Release|Win32
		{4D9A97F4-A135-9173-3480-80F840D9050D}.RelWithDebInfo|Mixed Platforms.ActiveCfg = Release|Win32
		{4D9A97F4-A135-9173-3480-80F840D9050D}.RelWithDebInfo|Mixed Platforms.Build.0 = Release|Win32
		{4D9A97F4-A135-9173-3480-80F840D9050D}.RelWithDebInfo|Win32.ActiveCfg = Release|Win32
		{4D9A97F4-A135-9173-3480-80F840D9050D}.RelWithDebInfo|Win32.Build.0 = Release|Win32
		{4D9A97F4-A135-9173-3480-80F840D9050D}.RelWithDebInfo|x64.ActiveCfg = Release|Win32
		{D7E18491-93AF-C9D1-0CF8-261904821D5A}.Debug|Any CPU.ActiveCfg = Debug|Win32
		{D7E18491-93AF-C9D1-0CF8-261904821D5A}.Debug|Mixed Platforms.ActiveCfg = Debug|Win32
		{D7E18491-93AF-C9D1-0CF8-261904821D5A}.Debug|Mixed Platforms.Build.0 = Debug|Win32
		{D7E18491-93AF-C9D1-0CF8-261904821D5A}.Debug|Win32.ActiveCfg = Debug|Win32
		{D7E18491-93AF-C9D1-0CF8-261904821D5A}.Debug|Win32.Build.0 = Debug|Win32
		{D7E18491-93AF-C9D1-0CF8-261904821D5A}.Debug|x64.ActiveCfg = Debug|Win32
		{D7E18491-93AF-C9D1-0CF8-261904821D5A}.MinSizeRel|Any CPU.ActiveCfg = Release|Win32
		{D7E18491-93AF-C9D1-0CF8-261904821D5A}.MinSizeRel|Mixed Platforms.ActiveCfg = Release|Win32
		{D7E18491-93AF-C9D1-0CF8-261904821D5A}.MinSizeRel|Mixed Platforms.Build.0 = Release|Win32
		{D7E18491-93AF-C9D1-0CF8-261904821D5A}.MinSizeRel|Win32.ActiveCfg = Release|Win32
		{D7E18491-93AF-C9D1-0CF8-261904821D5A}.MinSizeRel|Win32.Build.0 = Release|Win32
		{D7E18491-93AF-C9D1-0CF8-261904821D5A}.MinSizeRel|x64.ActiveCfg = Release|Win32
		{D7E18491-93AF-C9D1-0CF8-261904821D5A}.Release|Any CPU.ActiveCfg = Release|Win32
		{D7E18491-93AF-C9D1-0CF8-261904821D5A}.Release|Mixed Platforms.ActiveCfg = Release|Win32
		{D7E18491-93AF-C9D1-0CF8-261904821D5A}.Release|Mixed Platforms.Build.0 = Release|Win32
		{D7E18491-93AF-C9D1-0CF8-261904821D5A}.Release|Win32.ActiveCfg = Release|Win32
		{D7E18491-93AF-C9D1-0CF8-261904821D5A}.Release|Win32.Build.0 = Release|Win32
		{D7E18491-93AF-C9D1-0CF8-261904821D5A}.Release|x64.ActiveCfg = Release|Win32
		{D7E18491-93AF-C9D1-0CF8-261904821D5A}.RelWithDebInfo|Any CPU.ActiveCfg = Release|Win32
		{D7E18491-93AF-C9D1-0CF8-261904821D5A}.RelWithDebInfo|Mixed Platforms.ActiveCfg = Release|Win32
		{D7E18491-93AF-C9D1-0CF8-261904821D5A}.RelWithDebInfo|Mixed Platforms.Build.0 = Release|Win32
		{D7E18491-93AF-C9D1-0CF8-261904821D5A}.RelWithDebInfo|Win32.ActiveCfg = Release|Win32
		{D7E18491-93AF-C9D1-0CF8-261904821D5A}.RelWithDebInfo|Win32.Build.0 = Release|Win32
		{D7E18491-93AF-C9D1-0CF8-261904821D5A}.RelWithDebInfo|x64.ActiveCfg = Release|Win32
		{73848F9A-5128-CE82-AE99-9EB394FAA496}.Debug|Any CPU.ActiveCfg = Debug|Win32
		{73848F9A-5128-CE82-AE99-9EB394FAA496}.Debug|Mixed Platforms.ActiveCfg = Debug|Win32
		{73848F9A-5128-CE82-AE99-9EB394FAA496}.Debug|Mixed Platforms.Build.0 = Debug|Win32
		{73848F9A-5128-CE82-AE99-9EB394FAA496}.Debug|Win32.ActiveCfg = Debug|Win32
		{73848F9A-5128-CE82-AE99-9EB394FAA496}.Debug|Win32.Build.0 = Debug|Win32
		{73848F9A-5128-CE82-AE99-9EB394FAA496}.Debug|x64.ActiveCfg = Debug|Win32
		{73848F9A-5128-CE82-AE99-9EB394FAA496}.MinSizeRel|Any CPU.ActiveCfg = Release|Win32
		{73848F9A-5128-CE82-AE99-9EB394FAA496}.MinSizeRel|Mixed Platforms.ActiveCfg = Release|Win32
		{73848F9A-5128-CE82-AE99-9EB394FAA496}.MinSizeRel|Mixed Platforms.Build.0 = Release|Win32
		{73848F9A-5128-CE82-AE99-9EB394FAA496}.MinSizeRel|Win32.ActiveCfg = Release|Win32
		{73848F9A-5128-CE82-AE99-9EB394FAA496}.MinSizeRel|Win32.Build.0 = Release|Win32
		{73848F9A-5128-CE82-AE99-9EB394FAA496}.MinSizeRel|x64.ActiveCfg = Release|Win32
		{73848F9A-5128-CE82-AE99-9EB394FAA496}.Release|Any CPU.ActiveCfg = Release|Win32
		{73848F9A-5128-CE82-AE99-9EB394FAA496}.Release|Mixed Platforms.ActiveCfg = Release|Win32
		{73848F9A-5128-CE82-AE99-9EB394FAA496}.Release|Mixed Platforms.Build.0 = Release|Win32
		{73848F9A-5128-CE82-AE99-9EB394FAA496}.Release|Win32.ActiveCfg = Release|Win32
		{73848F9A-5128-CE82-AE99-9EB394FAA496}.Release|Win32.Build.0 = Release|Win32
		{73848F9A-5128-CE82-AE99-9EB394FAA496}.Release|x64.ActiveCfg = Release|Win32
		{73848F9A-5128-CE82-AE99-9EB394FAA496}.RelWithDebInfo|Any CPU.ActiveCfg = Release|Win32
		{73848F9A-5128-CE82-AE99-9EB394FAA496}.RelWithDebInfo|Mixed Platforms.ActiveCfg = Release|Win32
		{73848F9A-5128-CE82-AE99-9EB394FAA496}.RelWithDebInfo|Mixed Platforms.Build.0 = Release|Win32
		{73848F9A-5128-CE82-AE99-9EB394FAA496}.RelWithDebInfo|Win32.ActiveCfg = Release|Win32
		{73848F9A-5128-CE82-AE99-9EB394FAA496}.RelWithDebInfo|Win32.Build.0 = Release|Win32
		{73848F9A-5128-CE82-AE99-9EB394FAA496}.RelWithDebInfo|x64.ActiveCfg = Release|Win32
		{6D4F3685-F391-42AB-8CB4-156A5EE2D8CE}.Debug|Any CPU.ActiveCfg = Debug|Win32
		{6D4F3685-F391-42AB-8CB4-156A5EE2D8CE}.Debug|Mixed Platforms.ActiveCfg = Debug|Win32
		{6D4F3685-F391-42AB-8CB4-156A5EE2D8CE}.Debug|Mixed Platforms.Build.0 = Debug|Win32
		{6D4F3685-F391-42AB-8CB4-156A5EE2D8CE}.Debug|Win32.ActiveCfg = Debug|Win32
		{6D4F3685-F391-42AB-8CB4-156A5EE2D8CE}.Debug|Win32.Build.0 = Debug|Win32
		{6D4F3685-F391-42AB-8CB4-156A5EE2D8CE}.Debug|x64.ActiveCfg = Debug|Win32
		{6D4F3685-F391-42AB-8CB4-156A5EE2D8CE}.MinSizeRel|Any CPU.ActiveCfg = MinSizeRel|Win32
		{6D4F3685-F391-42AB-8CB4-156A5EE2D8CE}.MinSizeRel|Mixed Platforms.ActiveCfg = MinSizeRel|Win32
		{6D4F3685-F391-42AB-8CB4-156A5EE2D8CE}.MinSizeRel|Mixed Platforms.Build.0 = MinSizeRel|Win32
		{6D4F3685-F391-42AB-8CB4-156A5EE2D8CE}.MinSizeRel|Win32.ActiveCfg = MinSizeRel|Win32
		{6D4F3685-F391-42AB-8CB4-156A5EE2D8CE}.MinSizeRel|Win32.Build.0 = MinSizeRel|Win32
		{6D4F3685-F391-42AB-8CB4-156A5EE2D8CE}.MinSizeRel|x64.ActiveCfg = MinSizeRel|Win32
		{6D4F3685-F391-42AB-8CB4-156A5EE2D8CE}.Release|Any CPU.ActiveCfg = Release|Win32
		{6D4F3685-F391-42AB-8CB4-156A5EE2D8CE}.Release|Mixed Platforms.ActiveCfg = Release|Win32
		{6D4F3685-F391-42AB-8CB4-156A5EE2D8CE}.Release|Mixed Platforms.Build.0 = Release|Win32
		{6D4F3685-F391-42AB-8CB4-156A5EE2D8CE}.Release|Win32.ActiveCfg = Release|Win32
		{6D4F3685-F391-42AB-8CB4-156A5EE2D8CE}.Release|Win32.Build.0 = Release|Win32
		{6D4F3685-F391-42AB-8CB4-156A5EE2D8CE}.Release|x64.ActiveCfg = Release|Win32
		{6D4F3685-F391-42AB-8CB4-156A5EE2D8CE}.RelWithDebInfo|Any CPU.ActiveCfg = RelWithDebInfo|Win32
		{6D4F3685-F391-42AB-8CB4-156A5EE2D8CE}.RelWithDebInfo|Mixed Platforms.ActiveCfg = RelWithDebInfo|Win32
		{6D4F3685-F391-42AB-8CB4-156A5EE2D8CE}.RelWithDebInfo|Mixed Platforms.Build.0 = RelWithDebInfo|Win32
		{6D4F3685-F391-42AB-8CB4-156A5EE2D8CE}.RelWithDebInfo|Win32.ActiveCfg = RelWithDebInfo|Win32
		{6D4F3685-F391-42AB-8CB4-156A5EE2D8CE}.RelWithDebInfo|Win32.Build.0 = RelWithDebInfo|Win32
		{6D4F3685-F391-42AB-8CB4-156A5EE2D8CE}.RelWithDebInfo|x64.ActiveCfg = RelWithDebInfo|Win32
		{AA6E68B4-FB83-4093-95A5-DDDF2B02E198}.Debug|Any CPU.ActiveCfg = Debug|Win32
		{AA6E68B4-FB83-4093-95A5-DDDF2B02E198}.Debug|Mixed Platforms.ActiveCfg = Debug|Win32
		{AA6E68B4-FB83-4093-95A5-DDDF2B02E198}.Debug|Mixed Platforms.Build.0 = Debug|Win32
		{AA6E68B4-FB83-4093-95A5-DDDF2B02E198}.Debug|Win32.ActiveCfg = Debug|Win32
		{AA6E68B4-FB83-4093-95A5-DDDF2B02E198}.Debug|Win32.Build.0 = Debug|Win32
		{AA6E68B4-FB83-4093-95A5-DDDF2B02E198}.Debug|x64.ActiveCfg = Debug|Win32
		{AA6E68B4-FB83-4093-95A5-DDDF2B02E198}.MinSizeRel|Any CPU.ActiveCfg = MinSizeRel|Win32
		{AA6E68B4-FB83-4093-95A5-DDDF2B02E198}.MinSizeRel|Mixed Platforms.ActiveCfg = MinSizeRel|Win32
		{AA6E68B4-FB83-4093-95A5-DDDF2B02E198}.MinSizeRel|Mixed Platforms.Build.0 = MinSizeRel|Win32
		{AA6E68B4-FB83-4093-95A5-DDDF2B02E198}.MinSizeRel|Win32.ActiveCfg = MinSizeRel|Win32
		{AA6E68B4-FB83-4093-95A5-DDDF2B02E198}.MinSizeRel|Win32.Build.0 = MinSizeRel|Win32
		{AA6E68B4-FB83-4093-95A5-DDDF2B02E198}.MinSizeRel|x64.ActiveCfg = MinSizeRel|Win32
		{AA6E68B4-FB83-4093-95A5-DDDF2B02E198}.Release|Any CPU.ActiveCfg = Release|Win32
		{AA6E68B4-FB83-4093-95A5-DDDF2B02E198}.Release|Mixed Platforms.ActiveCfg = Release|Win32
		{AA6E68B4-FB83-4093-95A5-DDDF2B02E198}.Release|Mixed Platforms.Build.0 = Release|Win32
		{AA6E68B4-FB83-4093-95A5-DDDF2B02E198}.Release|Win32.ActiveCfg = Release|Win32
		{AA6E68B4-FB83-4093-95A5-DDDF2B02E198}.Release|Win32.Build.0 = Release|Win32
		{AA6E68B4-FB83-4093-95A5-DDDF2B02E198}.Release|x64.ActiveCfg = Release|Win32
		{AA6E68B4-FB83-4093-95A5-DDDF2B02E198}.RelWithDebInfo|Any CPU.ActiveCfg = RelWithDebInfo|Win32
		{AA6E68B4-FB83-4093-95A5-DDDF2B02E198}.RelWithDebInfo|Mixed Platforms.ActiveCfg = RelWithDebInfo|Win32
		{AA6E68B4-FB83-4093-95A5-DDDF2B02E198}.RelWithDebInfo|Mixed Platforms.Build.0 = RelWithDebInfo|Win32
		{AA6E68B4-FB83-4093-95A5-DDDF2B02E198}.RelWithDebInfo|Win32.ActiveCfg = RelWithDebInfo|Win32
		{AA6E68B4-FB83-4093-95A5-DDDF2B02E198}.RelWithDebInfo|Win32.Build.0 = RelWithDebInfo|Win32
		{AA6E68B4-FB83-4093-95A5-DDDF2B02E198}.RelWithDebInfo|x64.ActiveCfg = RelWithDebInfo|Win32
		{844FF918-0146-43C2-8765-0BD5B27FB689}.Debug|Any CPU.ActiveCfg = Debug|Win32
		{844FF918-0146-43C2-8765-0BD5B27FB689}.Debug|Mixed Platforms.ActiveCfg = Debug|Win32
		{844FF918-0146-43C2-8765-0BD5B27FB689}.Debug|Mixed Platforms.Build.0 = Debug|Win32
		{844FF918-0146-43C2-8765-0BD5B27FB689}.Debug|Win32.ActiveCfg = Debug|Win32
		{844FF918-0146-43C2-8765-0BD5B27FB689}.Debug|Win32.Build.0 = Debug|Win32
		{844FF918-0146-43C2-8765-0BD5B27FB689}.Debug|x64.ActiveCfg = Debug|Win32
		{844FF918-0146-43C2-8765-0BD5B27FB689}.MinSizeRel|Any CPU.ActiveCfg = MinSizeRel|Win32
		{844FF918-0146-43C2-8765-0BD5B27FB689}.MinSizeRel|Mixed Platforms.ActiveCfg = MinSizeRel|Win32
		{844FF918-0146-43C2-8765-0BD5B27FB689}.MinSizeRel|Mixed Platforms.Build.0 = MinSizeRel|Win32
		{844FF918-0146-43C2-8765-0BD5B27FB689}.MinSizeRel|Win32.ActiveCfg = MinSizeRel|Win32
		{844FF918-0146-43C2-8765-0BD5B27FB689}.MinSizeRel|Win32.Build.0 = MinSizeRel|Win32
		{844FF918-0146-43C2-8765-0BD5B27FB689}.MinSizeRel|x64.ActiveCfg = MinSizeRel|Win32
		{844FF918-0146-43C2-8765-0BD5B27FB689}.Release|Any CPU.ActiveCfg = Release|Win32
		{844FF918-0146-43C2-8765-0BD5B27FB689}.Release|Mixed Platforms.ActiveCfg = Release|Win32
		{844FF918-0146-43C2-8765-0BD5B27FB689}.Release|Mixed Platforms.Build.0 = Release|Win32
		{844FF918-0146-43C2-8765-0BD5B27FB689}.Release|Win32.ActiveCfg = Release|Win32
		{844FF918-0146-43C2-8765-0BD5B27FB689}.Release|Win32.Build.0 = Release|Win32
		{844FF918-0146-43C2-8765-0BD5B27FB689}.Release|x64.ActiveCfg = Release|Win32
		{844FF918-0146-43C2-8765-0BD5B27FB689}.RelWithDebInfo|Any CPU.ActiveCfg = RelWithDebInfo|Win32
		{844FF918-0146-43C2-8765-0BD5B27FB689}.RelWithDebInfo|Mixed Platforms.ActiveCfg = RelWithDebInfo|Win32
		{844FF918-0146-43C2-8765-0BD5B27FB689}.RelWithDebInfo|Mixed Platforms.Build.0 = RelWithDebInfo|Win32
		{844FF918-0146-43C2-8765-0BD5B27FB689}.RelWithDebInfo|Win32.ActiveCfg = RelWithDebInfo|Win32
		{844FF918-0146-43C2-8765-0BD5B27FB689}.RelWithDebInfo|Win32.Build.0 = RelWithDebInfo|Win32
		{844FF918-0146-43C2-8765-0BD5B27FB689}.RelWithDebInfo|x64.ActiveCfg = RelWithDebInfo|Win32
		{6ECE8A18-4FA2-4EEF-A274-E1488A492A2E}.Debug|Any CPU.ActiveCfg = Debug|Win32
		{6ECE8A18-4FA2-4EEF-A274-E1488A492A2E}.Debug|Mixed Platforms.ActiveCfg = Debug|Win32
		{6ECE8A18-4FA2-4EEF-A274-E1488A492A2E}.Debug|Mixed Platforms.Build.0 = Debug|Win32
		{6ECE8A18-4FA2-4EEF-A274-E1488A492A2E}.Debug|Win32.ActiveCfg = Debug|Win32
		{6ECE8A18-4FA2-4EEF-A274-E1488A492A2E}.Debug|Win32.Build.0 = Debug|Win32
		{6ECE8A18-4FA2-4EEF-A274-E1488A492A2E}.Debug|x64.ActiveCfg = Debug|Win32
		{6ECE8A18-4FA2-4EEF-A274-E1488A492A2E}.MinSizeRel|Any CPU.ActiveCfg = MinSizeRel|Win32
		{6ECE8A18-4FA2-4EEF-A274-E1488A492A2E}.MinSizeRel|Mixed Platforms.ActiveCfg = MinSizeRel|Win32
		{6ECE8A18-4FA2-4EEF-A274-E1488A492A2E}.MinSizeRel|Mixed Platforms.Build.0 = MinSizeRel|Win32
		{6ECE8A18-4FA2-4EEF-A274-E1488A492A2E}.MinSizeRel|Win32.ActiveCfg = MinSizeRel|Win32
		{6ECE8A18-4FA2-4EEF-A274-E1488A492A2E}.MinSizeRel|Win32.Build.0 = MinSizeRel|Win32
		{6ECE8A18-4FA2-4EEF-A274-E1488A492A2E}.MinSizeRel|x64.ActiveCfg = MinSizeRel|Win32
		{6ECE8A18-4FA2-4EEF-A274-E1488A492A2E}.Release|Any CPU.ActiveCfg = Release|Win32
		{6ECE8A18-4FA2-4EEF-A274-E1488A492A2E}.Release|Mixed Platforms.ActiveCfg = Release|Win32
		{6ECE8A18-4FA2-4EEF-A274-E1488A492A2E}.Release|Mixed Platforms.Build.0 = Release|Win32
		{6ECE8A18-4FA2-4EEF-A274-E1488A492A2E}.Release|Win32.ActiveCfg = Release|Win32
		{6ECE8A18-4FA2-4EEF-A274-E1488A492A2E}.Release|Win32.Build.0 = Release|Win32
		{6ECE8A18-4FA2-4EEF-A274-E1488A492A2E}.Release|x64.ActiveCfg = Release|Win32
		{6ECE8A18-4FA2-4EEF-A274-E1488A492A2E}.RelWithDebInfo|Any CPU.ActiveCfg = RelWithDebInfo|Win32
		{6ECE8A18-4FA2-4EEF-A274-E1488A492A2E}.RelWithDebInfo|Mixed Platforms.ActiveCfg = RelWithDebInfo|Win32
		{6ECE8A18-4FA2-4EEF-A274-E1488A492A2E}.RelWithDebInfo|Mixed Platforms.Build.0 = RelWithDebInfo|Win32
		{6ECE8A18-4FA2-4EEF-A274-E1488A492A2E}.RelWithDebInfo|Win32.ActiveCfg = RelWithDebInfo|Win32
		{6ECE8A18-4FA2-4EEF-A274-E1488A492A2E}.RelWithDebInfo|Win32.Build.0 = RelWithDebInfo|Win32
		{6ECE8A18-4FA2-4EEF-A274-E1488A492A2E}.RelWithDebInfo|x64.ActiveCfg = RelWithDebInfo|Win32
	EndGlobalSection
	GlobalSection(SolutionProperties) = preSolution
		HideSolutionNode = FALSE
	EndGlobalSection
	GlobalSection(NestedProjects) = preSolution
		{AFAD6CA0-0992-4AA7-BA82-A014007812DE} = {121BCB09-3DD2-48AC-B441-A45525523659}
		{1062AAD5-13BF-424A-A03D-136896C04C4F} = {121BCB09-3DD2-48AC-B441-A45525523659}
		{F2D275FD-32BA-43D1-B155-E17988EEC88C} = {121BCB09-3DD2-48AC-B441-A45525523659}
		{569A12E4-7A87-4769-B91B-ACDEA8051DF2} = {121BCB09-3DD2-48AC-B441-A45525523659}
		{4961F3A5-0FC0-487A-BEF3-8313C981AB49} = {121BCB09-3DD2-48AC-B441-A45525523659}
		{C409B8BC-41BD-439F-BAE3-FB7D9B4E3569} = {121BCB09-3DD2-48AC-B441-A45525523659}
		{5D9174DC-FE98-4D01-B470-954BFF4AF2B4} = {121BCB09-3DD2-48AC-B441-A45525523659}
		{78B39BD3-904D-4D33-ACC3-715914BE0377} = {510BA875-BC5D-46B6-B25A-8414F72B3D98}
		{E1E6740A-79E3-4326-905F-56995EBAE634} = {510BA875-BC5D-46B6-B25A-8414F72B3D98}
		{13C4CBF4-109C-4A8B-8A7F-139E88805C21} = {510BA875-BC5D-46B6-B25A-8414F72B3D98}
		{57B1F842-0ECF-4767-8957-E9D576443E0B} = {510BA875-BC5D-46B6-B25A-8414F72B3D98}
		{72DB57D3-01C1-4D59-9C4B-BEA17EEACD11} = {510BA875-BC5D-46B6-B25A-8414F72B3D98}
		{068236E0-05F7-40A6-9C7D-F6E502EAED8A} = {510BA875-BC5D-46B6-B25A-8414F72B3D98}
		{48731D1C-E139-4A6D-B63A-2A897E00FFDD} = {78B39BD3-904D-4D33-ACC3-715914BE0377}
		{20BE76EC-4F26-4999-B6B0-9691B0DADA29} = {78B39BD3-904D-4D33-ACC3-715914BE0377}
		{D153ACC3-D48C-4B38-96F9-48F45A08DABF} = {78B39BD3-904D-4D33-ACC3-715914BE0377}
		{B8D27C56-2806-4868-A436-09F172A87E83} = {13C4CBF4-109C-4A8B-8A7F-139E88805C21}
		{1F6885C7-2894-4493-8338-15079AC10EB1} = {13C4CBF4-109C-4A8B-8A7F-139E88805C21}
		{821A2CD9-123E-4EE4-98E9-B15B5CC6E89C} = {7D86DD02-EFD8-43A3-934B-43BF3CED4607}
		{2DCBB307-809D-4D56-816C-686826916676} = {7D86DD02-EFD8-43A3-934B-43BF3CED4607}
		{A37C8C4D-9898-4E5A-A70B-D7D86A228F46} = {7D86DD02-EFD8-43A3-934B-43BF3CED4607}
		{EF590373-8933-4A3A-8E42-D585A9F630FD} = {7D86DD02-EFD8-43A3-934B-43BF3CED4607}
		{5E9C8D62-5AC6-774A-99E8-F778BCCDEED2} = {821A2CD9-123E-4EE4-98E9-B15B5CC6E89C}
		{8F5C9BDF-AC6F-F64F-AF86-4DA030F93A58} = {821A2CD9-123E-4EE4-98E9-B15B5CC6E89C}
		{2A35E0C0-B05F-324D-8233-8DC92198F05B} = {821A2CD9-123E-4EE4-98E9-B15B5CC6E89C}
		{2624E4A8-7F50-4C79-BA0F-A4AFD3C7A68E} = {821A2CD9-123E-4EE4-98E9-B15B5CC6E89C}
		{C75650C8-8133-41F1-87B0-77109753A16D} = {2624E4A8-7F50-4C79-BA0F-A4AFD3C7A68E}
		{D16C5FF9-0DB3-49A2-ABE1-B2228906369E} = {2624E4A8-7F50-4C79-BA0F-A4AFD3C7A68E}
		{CE1C2385-D712-4C7E-A076-3F87448B0ACA} = {2624E4A8-7F50-4C79-BA0F-A4AFD3C7A68E}
		{3E29D947-3FB4-4C26-B500-5670D36A3CF7} = {4A87336B-8791-4974-BF22-800A267AC016}
		{7899A8AF-53CE-41EB-B59B-2A55AEB686BD} = {2DCBB307-809D-4D56-816C-686826916676}
		{6D35829F-8518-4903-8ADF-62AEEA0C77E4} = {2DCBB307-809D-4D56-816C-686826916676}
		{0365B47C-0806-2D4C-C633-BFFE035A6182} = {A37C8C4D-9898-4E5A-A70B-D7D86A228F46}
		{8F8D2656-B55C-317E-5C19-7C6F8F4C537E} = {A37C8C4D-9898-4E5A-A70B-D7D86A228F46}
		{4D9A97F4-A135-9173-3480-80F840D9050D} = {A37C8C4D-9898-4E5A-A70B-D7D86A228F46}
		{D7E18491-93AF-C9D1-0CF8-261904821D5A} = {A37C8C4D-9898-4E5A-A70B-D7D86A228F46}
		{73848F9A-5128-CE82-AE99-9EB394FAA496} = {A37C8C4D-9898-4E5A-A70B-D7D86A228F46}
		{D55652BE-967C-4F28-A632-0C0FAD3DBDBD} = {72DB57D3-01C1-4D59-9C4B-BEA17EEACD11}
		{1D1DE429-5056-4669-8951-FA903906E040} = {72DB57D3-01C1-4D59-9C4B-BEA17EEACD11}
		{B93F5B40-F23E-4BDD-9B52-5F95C7E2485A} = {72DB57D3-01C1-4D59-9C4B-BEA17EEACD11}
		{AEC64D88-9E3D-41F4-BFE6-AF42BA365D70} = {72DB57D3-01C1-4D59-9C4B-BEA17EEACD11}
		{6D4F3685-F391-42AB-8CB4-156A5EE2D8CE} = {EF590373-8933-4A3A-8E42-D585A9F630FD}
		{AA6E68B4-FB83-4093-95A5-DDDF2B02E198} = {EF590373-8933-4A3A-8E42-D585A9F630FD}
		{844FF918-0146-43C2-8765-0BD5B27FB689} = {EF590373-8933-4A3A-8E42-D585A9F630FD}
		{6ECE8A18-4FA2-4EEF-A274-E1488A492A2E} = {EF590373-8933-4A3A-8E42-D585A9F630FD}
	EndGlobalSection
EndGlobal
