// !$*UTF8*$!
{
	archiveVersion = 1;
	classes = {
	};
	objectVersion = 46;
	objects = {

/* Begin PBXBuildFile section */
		345F00B617C41CEC002B7F09 /* Cocoa.framework in Frameworks */ = {isa = PBXBuildFile; fileRef = 345F00B517C41CEC002B7F09 /* Cocoa.framework */; };
		345F00C017C41CEC002B7F09 /* InfoPlist.strings in Resources */ = {isa = PBXBuildFile; fileRef = 345F00BE17C41CEC002B7F09 /* InfoPlist.strings */; };
		345F00C217C41CEC002B7F09 /* main.m in Sources */ = {isa = PBXBuildFile; fileRef = 345F00C117C41CEC002B7F09 /* main.m */; };
		345F00C617C41CEC002B7F09 /* Credits.rtf in Resources */ = {isa = PBXBuildFile; fileRef = 345F00C417C41CEC002B7F09 /* Credits.rtf */; };
		345F00C917C41CEC002B7F09 /* AppDelegate.m in Sources */ = {isa = PBXBuildFile; fileRef = 345F00C817C41CEC002B7F09 /* AppDelegate.m */; };
		345F00CC17C41CEC002B7F09 /* MainMenu.xib in Resources */ = {isa = PBXBuildFile; fileRef = 345F00CA17C41CEC002B7F09 /* MainMenu.xib */; };
		345F00D317C41CFB002B7F09 /* libProject-192.Core.a in Frameworks */ = {isa = PBXBuildFile; fileRef = 345F00D217C41CFB002B7F09 /* libProject-192.Core.a */; };
/* End PBXBuildFile section */

/* Begin PBXFileReference section */
		345F00B217C41CEC002B7F09 /* Project-192.OSX.app */ = {isa = PBXFileReference; explicitFileType = wrapper.application; includeInIndex = 0; path = "Project-192.OSX.app"; sourceTree = BUILT_PRODUCTS_DIR; };
		345F00B517C41CEC002B7F09 /* Cocoa.framework */ = {isa = PBXFileReference; lastKnownFileType = wrapper.framework; name = Cocoa.framework; path = System/Library/Frameworks/Cocoa.framework; sourceTree = SDKROOT; };
		345F00B817C41CEC002B7F09 /* AppKit.framework */ = {isa = PBXFileReference; lastKnownFileType = wrapper.framework; name = AppKit.framework; path = System/Library/Frameworks/AppKit.framework; sourceTree = SDKROOT; };
		345F00B917C41CEC002B7F09 /* CoreData.framework */ = {isa = PBXFileReference; lastKnownFileType = wrapper.framework; name = CoreData.framework; path = System/Library/Frameworks/CoreData.framework; sourceTree = SDKROOT; };
		345F00BA17C41CEC002B7F09 /* Foundation.framework */ = {isa = PBXFileReference; lastKnownFileType = wrapper.framework; name = Foundation.framework; path = System/Library/Frameworks/Foundation.framework; sourceTree = SDKROOT; };
		345F00BD17C41CEC002B7F09 /* Project-192.OSX-Info.plist */ = {isa = PBXFileReference; lastKnownFileType = text.plist.xml; path = "Project-192.OSX-Info.plist"; sourceTree = "<group>"; };
		345F00BF17C41CEC002B7F09 /* en */ = {isa = PBXFileReference; lastKnownFileType = text.plist.strings; name = en; path = en.lproj/InfoPlist.strings; sourceTree = "<group>"; };
		345F00C117C41CEC002B7F09 /* main.m */ = {isa = PBXFileReference; lastKnownFileType = sourcecode.c.objc; path = main.m; sourceTree = "<group>"; };
		345F00C317C41CEC002B7F09 /* Project-192.OSX-Prefix.pch */ = {isa = PBXFileReference; lastKnownFileType = sourcecode.c.h; path = "Project-192.OSX-Prefix.pch"; sourceTree = "<group>"; };
		345F00C517C41CEC002B7F09 /* en */ = {isa = PBXFileReference; lastKnownFileType = text.rtf; name = en; path = en.lproj/Credits.rtf; sourceTree = "<group>"; };
		345F00C717C41CEC002B7F09 /* AppDelegate.h */ = {isa = PBXFileReference; lastKnownFileType = sourcecode.c.h; name = AppDelegate.h; path = "Project-192.OSX/AppDelegate.h"; sourceTree = "<group>"; };
		345F00C817C41CEC002B7F09 /* AppDelegate.m */ = {isa = PBXFileReference; lastKnownFileType = sourcecode.c.objc; name = AppDelegate.m; path = "Project-192.OSX/AppDelegate.m"; sourceTree = "<group>"; };
		345F00CB17C41CEC002B7F09 /* en */ = {isa = PBXFileReference; lastKnownFileType = file.xib; name = en; path = en.lproj/MainMenu.xib; sourceTree = "<group>"; };
		345F00D217C41CFB002B7F09 /* libProject-192.Core.a */ = {isa = PBXFileReference; lastKnownFileType = file; name = "libProject-192.Core.a"; path = "../Project-192.Core/build/Release/libProject-192.Core.a"; sourceTree = "<group>"; };
/* End PBXFileReference section */

/* Begin PBXFrameworksBuildPhase section */
		345F00AF17C41CEC002B7F09 /* Frameworks */ = {
			isa = PBXFrameworksBuildPhase;
			buildActionMask = 2147483647;
			files = (
				345F00D317C41CFB002B7F09 /* libProject-192.Core.a in Frameworks */,
				345F00B617C41CEC002B7F09 /* Cocoa.framework in Frameworks */,
			);
			runOnlyForDeploymentPostprocessing = 0;
		};
/* End PBXFrameworksBuildPhase section */

/* Begin PBXGroup section */
		345F00A917C41CEC002B7F09 = {
			isa = PBXGroup;
			children = (
				345F00C717C41CEC002B7F09 /* AppDelegate.h */,
				345F00C817C41CEC002B7F09 /* AppDelegate.m */,
				345F00CA17C41CEC002B7F09 /* MainMenu.xib */,
				345F00BC17C41CEC002B7F09 /* Supporting Files */,
				345F00D517C41D17002B7F09 /* Dependencies */,
				345F00B317C41CEC002B7F09 /* Products */,
			);
			sourceTree = "<group>";
		};
		345F00B317C41CEC002B7F09 /* Products */ = {
			isa = PBXGroup;
			children = (
				345F00B217C41CEC002B7F09 /* Project-192.OSX.app */,
			);
			name = Products;
			sourceTree = "<group>";
		};
		345F00BC17C41CEC002B7F09 /* Supporting Files */ = {
			isa = PBXGroup;
			children = (
				345F00BD17C41CEC002B7F09 /* Project-192.OSX-Info.plist */,
				345F00BE17C41CEC002B7F09 /* InfoPlist.strings */,
				345F00C117C41CEC002B7F09 /* main.m */,
				345F00C317C41CEC002B7F09 /* Project-192.OSX-Prefix.pch */,
				345F00C417C41CEC002B7F09 /* Credits.rtf */,
			);
			name = "Supporting Files";
			path = "Project-192.OSX";
			sourceTree = "<group>";
		};
		345F00D517C41D17002B7F09 /* Dependencies */ = {
			isa = PBXGroup;
			children = (
				345F00B517C41CEC002B7F09 /* Cocoa.framework */,
				345F00B817C41CEC002B7F09 /* AppKit.framework */,
				345F00B917C41CEC002B7F09 /* CoreData.framework */,
				345F00BA17C41CEC002B7F09 /* Foundation.framework */,
				345F00D217C41CFB002B7F09 /* libProject-192.Core.a */,
			);
			name = Dependencies;
			sourceTree = "<group>";
		};
/* End PBXGroup section */

/* Begin PBXNativeTarget section */
		345F00B117C41CEC002B7F09 /* Project-192.OSX */ = {
			isa = PBXNativeTarget;
			buildConfigurationList = 345F00CF17C41CEC002B7F09 /* Build configuration list for PBXNativeTarget "Project-192.OSX" */;
			buildPhases = (
				345F00AE17C41CEC002B7F09 /* Sources */,
				345F00AF17C41CEC002B7F09 /* Frameworks */,
				345F00B017C41CEC002B7F09 /* Resources */,
			);
			buildRules = (
			);
			dependencies = (
			);
			name = "Project-192.OSX";
			productName = "Project-192.OSX";
			productReference = 345F00B217C41CEC002B7F09 /* Project-192.OSX.app */;
			productType = "com.apple.product-type.application";
		};
/* End PBXNativeTarget section */

/* Begin PBXProject section */
		345F00AA17C41CEC002B7F09 /* Project object */ = {
			isa = PBXProject;
			attributes = {
				LastUpgradeCheck = 0460;
				ORGANIZATIONNAME = "Studio 192";
			};
			buildConfigurationList = 345F00AD17C41CEC002B7F09 /* Build configuration list for PBXProject "Project-192.OSX" */;
			compatibilityVersion = "Xcode 3.2";
			developmentRegion = English;
			hasScannedForEncodings = 0;
			knownRegions = (
				en,
			);
			mainGroup = 345F00A917C41CEC002B7F09;
			productRefGroup = 345F00B317C41CEC002B7F09 /* Products */;
			projectDirPath = "";
			projectRoot = "";
			targets = (
				345F00B117C41CEC002B7F09 /* Project-192.OSX */,
			);
		};
/* End PBXProject section */

/* Begin PBXResourcesBuildPhase section */
		345F00B017C41CEC002B7F09 /* Resources */ = {
			isa = PBXResourcesBuildPhase;
			buildActionMask = 2147483647;
			files = (
				345F00C017C41CEC002B7F09 /* InfoPlist.strings in Resources */,
				345F00C617C41CEC002B7F09 /* Credits.rtf in Resources */,
				345F00CC17C41CEC002B7F09 /* MainMenu.xib in Resources */,
			);
			runOnlyForDeploymentPostprocessing = 0;
		};
/* End PBXResourcesBuildPhase section */

/* Begin PBXSourcesBuildPhase section */
		345F00AE17C41CEC002B7F09 /* Sources */ = {
			isa = PBXSourcesBuildPhase;
			buildActionMask = 2147483647;
			files = (
				345F00C217C41CEC002B7F09 /* main.m in Sources */,
				345F00C917C41CEC002B7F09 /* AppDelegate.m in Sources */,
			);
			runOnlyForDeploymentPostprocessing = 0;
		};
/* End PBXSourcesBuildPhase section */

/* Begin PBXVariantGroup section */
		345F00BE17C41CEC002B7F09 /* InfoPlist.strings */ = {
			isa = PBXVariantGroup;
			children = (
				345F00BF17C41CEC002B7F09 /* en */,
			);
			name = InfoPlist.strings;
			sourceTree = "<group>";
		};
		345F00C417C41CEC002B7F09 /* Credits.rtf */ = {
			isa = PBXVariantGroup;
			children = (
				345F00C517C41CEC002B7F09 /* en */,
			);
			name = Credits.rtf;
			sourceTree = "<group>";
		};
		345F00CA17C41CEC002B7F09 /* MainMenu.xib */ = {
			isa = PBXVariantGroup;
			children = (
				345F00CB17C41CEC002B7F09 /* en */,
			);
			name = MainMenu.xib;
			path = "Project-192.OSX";
			sourceTree = "<group>";
		};
/* End PBXVariantGroup section */

/* Begin XCBuildConfiguration section */
		345F00CD17C41CEC002B7F09 /* Debug */ = {
			isa = XCBuildConfiguration;
			buildSettings = {
				ALWAYS_SEARCH_USER_PATHS = NO;
				ARCHS = "$(ARCHS_STANDARD_64_BIT)";
				CLANG_CXX_LANGUAGE_STANDARD = "gnu++0x";
				CLANG_CXX_LIBRARY = "libc++";
				CLANG_ENABLE_OBJC_ARC = YES;
				CLANG_WARN_CONSTANT_CONVERSION = YES;
				CLANG_WARN_EMPTY_BODY = YES;
				CLANG_WARN_ENUM_CONVERSION = YES;
				CLANG_WARN_INT_CONVERSION = YES;
				CLANG_WARN__DUPLICATE_METHOD_MATCH = YES;
				COPY_PHASE_STRIP = NO;
				GCC_C_LANGUAGE_STANDARD = gnu99;
				GCC_DYNAMIC_NO_PIC = NO;
				GCC_ENABLE_OBJC_EXCEPTIONS = YES;
				GCC_OPTIMIZATION_LEVEL = 0;
				GCC_PREPROCESSOR_DEFINITIONS = (
					"DEBUG=1",
					"$(inherited)",
				);
				GCC_SYMBOLS_PRIVATE_EXTERN = NO;
				GCC_WARN_64_TO_32_BIT_CONVERSION = YES;
				GCC_WARN_ABOUT_RETURN_TYPE = YES;
				GCC_WARN_UNINITIALIZED_AUTOS = YES;
				GCC_WARN_UNUSED_VARIABLE = YES;
				MACOSX_DEPLOYMENT_TARGET = 10.8;
				ONLY_ACTIVE_ARCH = YES;
				SDKROOT = macosx;
			};
			name = Debug;
		};
		345F00CE17C41CEC002B7F09 /* Release */ = {
			isa = XCBuildConfiguration;
			buildSettings = {
				ALWAYS_SEARCH_USER_PATHS = NO;
				ARCHS = "$(ARCHS_STANDARD_64_BIT)";
				CLANG_CXX_LANGUAGE_STANDARD = "gnu++0x";
				CLANG_CXX_LIBRARY = "libc++";
				CLANG_ENABLE_OBJC_ARC = YES;
				CLANG_WARN_CONSTANT_CONVERSION = YES;
				CLANG_WARN_EMPTY_BODY = YES;
				CLANG_WARN_ENUM_CONVERSION = YES;
				CLANG_WARN_INT_CONVERSION = YES;
				CLANG_WARN__DUPLICATE_METHOD_MATCH = YES;
				COPY_PHASE_STRIP = YES;
				DEBUG_INFORMATION_FORMAT = "dwarf-with-dsym";
				GCC_C_LANGUAGE_STANDARD = gnu99;
				GCC_ENABLE_OBJC_EXCEPTIONS = YES;
				GCC_WARN_64_TO_32_BIT_CONVERSION = YES;
				GCC_WARN_ABOUT_RETURN_TYPE = YES;
				GCC_WARN_UNINITIALIZED_AUTOS = YES;
				GCC_WARN_UNUSED_VARIABLE = YES;
				MACOSX_DEPLOYMENT_TARGET = 10.8;
				SDKROOT = macosx;
			};
			name = Release;
		};
		345F00D017C41CEC002B7F09 /* Debug */ = {
			isa = XCBuildConfiguration;
			buildSettings = {
				COMBINE_HIDPI_IMAGES = YES;
				GCC_PRECOMPILE_PREFIX_HEADER = YES;
				GCC_PREFIX_HEADER = "Project-192.OSX/Project-192.OSX-Prefix.pch";
				INFOPLIST_FILE = "Project-192.OSX/Project-192.OSX-Info.plist";
				PRODUCT_NAME = "$(TARGET_NAME)";
				WRAPPER_EXTENSION = app;
			};
			name = Debug;
		};
		345F00D117C41CEC002B7F09 /* Release */ = {
			isa = XCBuildConfiguration;
			buildSettings = {
				COMBINE_HIDPI_IMAGES = YES;
				GCC_PRECOMPILE_PREFIX_HEADER = YES;
				GCC_PREFIX_HEADER = "Project-192.OSX/Project-192.OSX-Prefix.pch";
				INFOPLIST_FILE = "Project-192.OSX/Project-192.OSX-Info.plist";
				PRODUCT_NAME = "$(TARGET_NAME)";
				WRAPPER_EXTENSION = app;
			};
			name = Release;
		};
/* End XCBuildConfiguration section */

/* Begin XCConfigurationList section */
		345F00AD17C41CEC002B7F09 /* Build configuration list for PBXProject "Project-192.OSX" */ = {
			isa = XCConfigurationList;
			buildConfigurations = (
				345F00CD17C41CEC002B7F09 /* Debug */,
				345F00CE17C41CEC002B7F09 /* Release */,
			);
			defaultConfigurationIsVisible = 0;
			defaultConfigurationName = Release;
		};
		345F00CF17C41CEC002B7F09 /* Build configuration list for PBXNativeTarget "Project-192.OSX" */ = {
			isa = XCConfigurationList;
			buildConfigurations = (
				345F00D017C41CEC002B7F09 /* Debug */,
				345F00D117C41CEC002B7F09 /* Release */,
			);
			defaultConfigurationIsVisible = 0;
		};
/* End XCConfigurationList section */
	};
	rootObject = 345F00AA17C41CEC002B7F09 /* Project object */;
}
