<?xml version="1.0" encoding="utf-8"?>
<Project ToolsVersion="4.0" xmlns="http://schemas.microsoft.com/developer/msbuild/2003">
  <ItemGroup>
    <ClInclude Include="GraphicsController.h" />
    <ClInclude Include="CgShader.h">
      <Filter>Shaders</Filter>
    </ClInclude>
    <ClInclude Include="GlShader.h">
      <Filter>Shaders</Filter>
    </ClInclude>
    <ClInclude Include="IShader.h">
      <Filter>Shaders</Filter>
    </ClInclude>
    <ClInclude Include="ShaderController.h">
      <Filter>Shaders</Filter>
    </ClInclude>
    <ClInclude Include="AdapterController.h">
      <Filter>Adapters</Filter>
    </ClInclude>
    <ClInclude Include="DirectXController.h">
      <Filter>Adapters</Filter>
    </ClInclude>
    <ClInclude Include="OpenGlController.h">
      <Filter>Adapters</Filter>
    </ClInclude>
    <ClInclude Include="IGraphicsAdapterController.h">
      <Filter>Adapters</Filter>
    </ClInclude>
    <ClInclude Include="Win32Controller.h">
      <Filter>Windows</Filter>
    </ClInclude>
    <ClInclude Include="WindowController.h">
      <Filter>Windows</Filter>
    </ClInclude>
    <ClInclude Include="IPlatformWindowController.h">
      <Filter>Windows</Filter>
    </ClInclude>
    <ClInclude Include="Resource.h">
      <Filter>Windows</Filter>
    </ClInclude>
    <ClInclude Include="DXShader.h">
      <Filter>Shaders</Filter>
    </ClInclude>
  </ItemGroup>
  <ItemGroup>
    <ClCompile Include="GraphicsController.cpp" />
    <ClCompile Include="CgShader.cpp">
      <Filter>Shaders</Filter>
    </ClCompile>
    <ClCompile Include="GlShader.cpp">
      <Filter>Shaders</Filter>
    </ClCompile>
    <ClCompile Include="ShaderController.cpp">
      <Filter>Shaders</Filter>
    </ClCompile>
    <ClCompile Include="AdapterController.cpp">
      <Filter>Adapters</Filter>
    </ClCompile>
    <ClCompile Include="DirectXController.cpp">
      <Filter>Adapters</Filter>
    </ClCompile>
    <ClCompile Include="OpenGlController.cpp">
      <Filter>Adapters</Filter>
    </ClCompile>
    <ClCompile Include="Win32Controller.cpp">
      <Filter>Windows</Filter>
    </ClCompile>
    <ClCompile Include="DXShader.cpp">
      <Filter>Shaders</Filter>
    </ClCompile>
  </ItemGroup>
  <ItemGroup>
    <Filter Include="Shaders">
      <UniqueIdentifier>{6dba1a46-aa17-434f-8d8a-0a2fd8d556b0}</UniqueIdentifier>
    </Filter>
    <Filter Include="Adapters">
      <UniqueIdentifier>{c63afcb7-fe5a-40ad-8a4f-330cab26971f}</UniqueIdentifier>
    </Filter>
    <Filter Include="Windows">
      <UniqueIdentifier>{8931460e-87be-4e37-b7d2-7171200e0dec}</UniqueIdentifier>
    </Filter>
  </ItemGroup>
</Project>