<?xml version="1.0" encoding="utf-8"?>
<Project ToolsVersion="4.0" xmlns="http://schemas.microsoft.com/developer/msbuild/2003">
  <ItemGroup>
    <Filter Include="ClassCreators">
      <UniqueIdentifier>{058b5126-e124-4eeb-8c1d-65e71bddda40}</UniqueIdentifier>
    </Filter>
  </ItemGroup>
  <ItemGroup>
    <ClCompile Include="CC-Time.cpp">
      <Filter>ClassCreators</Filter>
    </ClCompile>
    <ClCompile Include="CC-Transform.cpp">
      <Filter>ClassCreators</Filter>
    </ClCompile>
    <ClCompile Include="CC-Vector3.cpp">
      <Filter>ClassCreators</Filter>
    </ClCompile>
    <ClCompile Include="Script.cpp" />
    <ClCompile Include="ScriptController.cpp" />
  </ItemGroup>
  <ItemGroup>
    <ClInclude Include="CC-Vector3.h">
      <Filter>ClassCreators</Filter>
    </ClInclude>
    <ClInclude Include="CC-Transform.h">
      <Filter>ClassCreators</Filter>
    </ClInclude>
    <ClInclude Include="CC-Time.h">
      <Filter>ClassCreators</Filter>
    </ClInclude>
    <ClInclude Include="ClassMapper.h" />
    <ClInclude Include="Script.h" />
    <ClInclude Include="ScriptController.h" />
  </ItemGroup>
</Project>