<?xml version="1.0" encoding="utf-8"?>
<Project ToolsVersion="4.0" xmlns="http://schemas.microsoft.com/developer/msbuild/2003">
  <ItemGroup>
    <ClInclude Include="Script.h" />
    <ClInclude Include="ScriptController.h" />
    <ClInclude Include="ClassWrapper.h">
      <Filter>Class Wrappers</Filter>
    </ClInclude>
    <ClInclude Include="ClassMapper.h" />
  </ItemGroup>
  <ItemGroup>
    <ClCompile Include="ScriptController.cpp" />
    <ClCompile Include="Script.cpp" />
    <ClCompile Include="CC-Transform.cpp">
      <Filter>Class Wrappers</Filter>
    </ClCompile>
    <ClCompile Include="CC-Vector3.cpp">
      <Filter>Class Wrappers</Filter>
    </ClCompile>
    <ClCompile Include="CC-GameObject.cpp">
      <Filter>Class Wrappers</Filter>
    </ClCompile>
    <ClCompile Include="CC-Mesh.cpp">
      <Filter>Class Wrappers</Filter>
    </ClCompile>
    <ClCompile Include="CC-Texture.cpp">
      <Filter>Class Wrappers</Filter>
    </ClCompile>
    <ClCompile Include="CC-Time.cpp">
      <Filter>Class Wrappers</Filter>
    </ClCompile>
    <ClCompile Include="CC-Camera.cpp">
      <Filter>Class Wrappers</Filter>
    </ClCompile>
    <ClCompile Include="CC-Matrix4.cpp">
      <Filter>Class Wrappers</Filter>
    </ClCompile>
    <ClCompile Include="CC-IShader.cpp">
      <Filter>Class Wrappers</Filter>
    </ClCompile>
    <ClCompile Include="CC-ConstBuffer.cpp">
      <Filter>Class Wrappers</Filter>
    </ClCompile>
    <ClCompile Include="CC-GraphosGame.cpp">
      <Filter>Class Wrappers</Filter>
    </ClCompile>
  </ItemGroup>
  <ItemGroup>
    <Filter Include="Class Wrappers">
      <UniqueIdentifier>{82ee8070-4f75-43b8-ad10-81d56c4040de}</UniqueIdentifier>
    </Filter>
  </ItemGroup>
</Project>