<?xml version="1.0" encoding="utf-8"?>
<Project ToolsVersion="4.0" xmlns="http://schemas.microsoft.com/developer/msbuild/2003">
  <ItemGroup>
    <Filter Include="Character">
      <UniqueIdentifier>{43F72C41-CA30-394A-9678-C86DB88E3320}</UniqueIdentifier>
    </Filter>
    <Filter Include="ConstraintSolver">
      <UniqueIdentifier>{1CB989BE-7A8E-024F-86B9-1FE28644C09B}</UniqueIdentifier>
    </Filter>
    <Filter Include="Dynamics">
      <UniqueIdentifier>{BD6D94B6-5407-0846-BF44-EB45828319F7}</UniqueIdentifier>
    </Filter>
    <Filter Include="Vehicle">
      <UniqueIdentifier>{E00A4A61-1159-644B-855F-5A4A921E6076}</UniqueIdentifier>
    </Filter>
  </ItemGroup>
  <ItemGroup>
    <ClInclude Include="Character\btCharacterControllerInterface.h">
      <Filter>Character</Filter>
    </ClInclude>
    <ClInclude Include="Character\btKinematicCharacterController.h">
      <Filter>Character</Filter>
    </ClInclude>
    <ClInclude Include="ConstraintSolver\btContactConstraint.h">
      <Filter>ConstraintSolver</Filter>
    </ClInclude>
    <ClInclude Include="ConstraintSolver\btContactSolverInfo.h">
      <Filter>ConstraintSolver</Filter>
    </ClInclude>
    <ClInclude Include="ConstraintSolver\btGearConstraint.h">
      <Filter>ConstraintSolver</Filter>
    </ClInclude>
    <ClInclude Include="ConstraintSolver\btGeneric6DofConstraint.h">
      <Filter>ConstraintSolver</Filter>
    </ClInclude>
    <ClInclude Include="ConstraintSolver\btGeneric6DofSpringConstraint.h">
      <Filter>ConstraintSolver</Filter>
    </ClInclude>
    <ClInclude Include="ConstraintSolver\btHinge2Constraint.h">
      <Filter>ConstraintSolver</Filter>
    </ClInclude>
    <ClInclude Include="ConstraintSolver\btHingeConstraint.h">
      <Filter>ConstraintSolver</Filter>
    </ClInclude>
    <ClInclude Include="ConstraintSolver\btJacobianEntry.h">
      <Filter>ConstraintSolver</Filter>
    </ClInclude>
    <ClInclude Include="ConstraintSolver\btPoint2PointConstraint.h">
      <Filter>ConstraintSolver</Filter>
    </ClInclude>
    <ClInclude Include="ConstraintSolver\btSequentialImpulseConstraintSolver.h">
      <Filter>ConstraintSolver</Filter>
    </ClInclude>
    <ClInclude Include="ConstraintSolver\btSliderConstraint.h">
      <Filter>ConstraintSolver</Filter>
    </ClInclude>
    <ClInclude Include="ConstraintSolver\btSolve2LinearConstraint.h">
      <Filter>ConstraintSolver</Filter>
    </ClInclude>
    <ClInclude Include="ConstraintSolver\btSolverBody.h">
      <Filter>ConstraintSolver</Filter>
    </ClInclude>
    <ClInclude Include="ConstraintSolver\btSolverConstraint.h">
      <Filter>ConstraintSolver</Filter>
    </ClInclude>
    <ClInclude Include="ConstraintSolver\btTypedConstraint.h">
      <Filter>ConstraintSolver</Filter>
    </ClInclude>
    <ClInclude Include="ConstraintSolver\btUniversalConstraint.h">
      <Filter>ConstraintSolver</Filter>
    </ClInclude>
    <ClInclude Include="ConstraintSolver\btConeTwistConstraint.h">
      <Filter>ConstraintSolver</Filter>
    </ClInclude>
    <ClInclude Include="ConstraintSolver\btConstraintSolver.h">
      <Filter>ConstraintSolver</Filter>
    </ClInclude>
    <ClInclude Include="Dynamics\btRigidBody.h">
      <Filter>Dynamics</Filter>
    </ClInclude>
    <ClInclude Include="Dynamics\btSimpleDynamicsWorld.h">
      <Filter>Dynamics</Filter>
    </ClInclude>
    <ClInclude Include="Dynamics\btActionInterface.h">
      <Filter>Dynamics</Filter>
    </ClInclude>
    <ClInclude Include="Dynamics\btDiscreteDynamicsWorld.h">
      <Filter>Dynamics</Filter>
    </ClInclude>
    <ClInclude Include="Dynamics\btDynamicsWorld.h">
      <Filter>Dynamics</Filter>
    </ClInclude>
    <ClInclude Include="Vehicle\btRaycastVehicle.h">
      <Filter>Vehicle</Filter>
    </ClInclude>
    <ClInclude Include="Vehicle\btVehicleRaycaster.h">
      <Filter>Vehicle</Filter>
    </ClInclude>
    <ClInclude Include="Vehicle\btWheelInfo.h">
      <Filter>Vehicle</Filter>
    </ClInclude>
  </ItemGroup>
  <ItemGroup>
    <ClCompile Include="Character\btKinematicCharacterController.cpp">
      <Filter>Character</Filter>
    </ClCompile>
    <ClCompile Include="ConstraintSolver\btContactConstraint.cpp">
      <Filter>ConstraintSolver</Filter>
    </ClCompile>
    <ClCompile Include="ConstraintSolver\btGearConstraint.cpp">
      <Filter>ConstraintSolver</Filter>
    </ClCompile>
    <ClCompile Include="ConstraintSolver\btGeneric6DofConstraint.cpp">
      <Filter>ConstraintSolver</Filter>
    </ClCompile>
    <ClCompile Include="ConstraintSolver\btGeneric6DofSpringConstraint.cpp">
      <Filter>ConstraintSolver</Filter>
    </ClCompile>
    <ClCompile Include="ConstraintSolver\btHinge2Constraint.cpp">
      <Filter>ConstraintSolver</Filter>
    </ClCompile>
    <ClCompile Include="ConstraintSolver\btHingeConstraint.cpp">
      <Filter>ConstraintSolver</Filter>
    </ClCompile>
    <ClCompile Include="ConstraintSolver\btPoint2PointConstraint.cpp">
      <Filter>ConstraintSolver</Filter>
    </ClCompile>
    <ClCompile Include="ConstraintSolver\btSequentialImpulseConstraintSolver.cpp">
      <Filter>ConstraintSolver</Filter>
    </ClCompile>
    <ClCompile Include="ConstraintSolver\btSliderConstraint.cpp">
      <Filter>ConstraintSolver</Filter>
    </ClCompile>
    <ClCompile Include="ConstraintSolver\btSolve2LinearConstraint.cpp">
      <Filter>ConstraintSolver</Filter>
    </ClCompile>
    <ClCompile Include="ConstraintSolver\btTypedConstraint.cpp">
      <Filter>ConstraintSolver</Filter>
    </ClCompile>
    <ClCompile Include="ConstraintSolver\btUniversalConstraint.cpp">
      <Filter>ConstraintSolver</Filter>
    </ClCompile>
    <ClCompile Include="ConstraintSolver\btConeTwistConstraint.cpp">
      <Filter>ConstraintSolver</Filter>
    </ClCompile>
    <ClCompile Include="Dynamics\btRigidBody.cpp">
      <Filter>Dynamics</Filter>
    </ClCompile>
    <ClCompile Include="Dynamics\btSimpleDynamicsWorld.cpp">
      <Filter>Dynamics</Filter>
    </ClCompile>
    <ClCompile Include="Dynamics\Bullet-C-API.cpp">
      <Filter>Dynamics</Filter>
    </ClCompile>
    <ClCompile Include="Dynamics\btDiscreteDynamicsWorld.cpp">
      <Filter>Dynamics</Filter>
    </ClCompile>
    <ClCompile Include="Vehicle\btRaycastVehicle.cpp">
      <Filter>Vehicle</Filter>
    </ClCompile>
    <ClCompile Include="Vehicle\btWheelInfo.cpp">
      <Filter>Vehicle</Filter>
    </ClCompile>
  </ItemGroup>
</Project>