// !$*UTF8*$!
{
	archiveVersion = 1;
	classes = {
	};
	objectVersion = 46;
	objects = {

/* Begin PBXBuildFile section */
		345F014717C41E7B002B7F09 /* BoxCollider.h in Headers */ = {isa = PBXBuildFile; fileRef = 345F014217C41E7B002B7F09 /* BoxCollider.h */; };
		345F014817C41E7B002B7F09 /* Collider.h in Headers */ = {isa = PBXBuildFile; fileRef = 345F014317C41E7B002B7F09 /* Collider.h */; };
		345F014917C41E7B002B7F09 /* Physics.h in Headers */ = {isa = PBXBuildFile; fileRef = 345F014417C41E7B002B7F09 /* Physics.h */; };
		345F014A17C41E7B002B7F09 /* RigidBody.h in Headers */ = {isa = PBXBuildFile; fileRef = 345F014517C41E7B002B7F09 /* RigidBody.h */; };
		345F014B17C41E7B002B7F09 /* SphereCollider.h in Headers */ = {isa = PBXBuildFile; fileRef = 345F014617C41E7B002B7F09 /* SphereCollider.h */; };
		345F015117C41E87002B7F09 /* BoxCollider.cpp in Sources */ = {isa = PBXBuildFile; fileRef = 345F014C17C41E87002B7F09 /* BoxCollider.cpp */; };
		345F015217C41E87002B7F09 /* Collider.cpp in Sources */ = {isa = PBXBuildFile; fileRef = 345F014D17C41E87002B7F09 /* Collider.cpp */; };
		345F015317C41E87002B7F09 /* Physics.cpp in Sources */ = {isa = PBXBuildFile; fileRef = 345F014E17C41E87002B7F09 /* Physics.cpp */; };
		345F015417C41E87002B7F09 /* RigidBody.cpp in Sources */ = {isa = PBXBuildFile; fileRef = 345F014F17C41E87002B7F09 /* RigidBody.cpp */; };
		345F015517C41E87002B7F09 /* SphereCollider.cpp in Sources */ = {isa = PBXBuildFile; fileRef = 345F015017C41E87002B7F09 /* SphereCollider.cpp */; };
/* End PBXBuildFile section */

/* Begin PBXFileReference section */
		345F008817C41C02002B7F09 /* libGraphos.Physics.a */ = {isa = PBXFileReference; explicitFileType = archive.ar; includeInIndex = 0; path = libGraphos.Physics.a; sourceTree = BUILT_PRODUCTS_DIR; };
		345F014217C41E7B002B7F09 /* BoxCollider.h */ = {isa = PBXFileReference; fileEncoding = 4; lastKnownFileType = sourcecode.c.h; path = BoxCollider.h; sourceTree = "<group>"; };
		345F014317C41E7B002B7F09 /* Collider.h */ = {isa = PBXFileReference; fileEncoding = 4; lastKnownFileType = sourcecode.c.h; path = Collider.h; sourceTree = "<group>"; };
		345F014417C41E7B002B7F09 /* Physics.h */ = {isa = PBXFileReference; fileEncoding = 4; lastKnownFileType = sourcecode.c.h; path = Physics.h; sourceTree = "<group>"; };
		345F014517C41E7B002B7F09 /* RigidBody.h */ = {isa = PBXFileReference; fileEncoding = 4; lastKnownFileType = sourcecode.c.h; path = RigidBody.h; sourceTree = "<group>"; };
		345F014617C41E7B002B7F09 /* SphereCollider.h */ = {isa = PBXFileReference; fileEncoding = 4; lastKnownFileType = sourcecode.c.h; path = SphereCollider.h; sourceTree = "<group>"; };
		345F014C17C41E87002B7F09 /* BoxCollider.cpp */ = {isa = PBXFileReference; fileEncoding = 4; lastKnownFileType = sourcecode.cpp.cpp; path = BoxCollider.cpp; sourceTree = "<group>"; };
		345F014D17C41E87002B7F09 /* Collider.cpp */ = {isa = PBXFileReference; fileEncoding = 4; lastKnownFileType = sourcecode.cpp.cpp; path = Collider.cpp; sourceTree = "<group>"; };
		345F014E17C41E87002B7F09 /* Physics.cpp */ = {isa = PBXFileReference; fileEncoding = 4; lastKnownFileType = sourcecode.cpp.cpp; path = Physics.cpp; sourceTree = "<group>"; };
		345F014F17C41E87002B7F09 /* RigidBody.cpp */ = {isa = PBXFileReference; fileEncoding = 4; lastKnownFileType = sourcecode.cpp.cpp; path = RigidBody.cpp; sourceTree = "<group>"; };
		345F015017C41E87002B7F09 /* SphereCollider.cpp */ = {isa = PBXFileReference; fileEncoding = 4; lastKnownFileType = sourcecode.cpp.cpp; path = SphereCollider.cpp; sourceTree = "<group>"; };
/* End PBXFileReference section */

/* Begin PBXFrameworksBuildPhase section */
		345F008517C41C02002B7F09 /* Frameworks */ = {
			isa = PBXFrameworksBuildPhase;
			buildActionMask = 2147483647;
			files = (
			);
			runOnlyForDeploymentPostprocessing = 0;
		};
/* End PBXFrameworksBuildPhase section */

/* Begin PBXGroup section */
		345F006B17C41B94002B7F09 = {
			isa = PBXGroup;
			children = (
				345F010317C41DC8002B7F09 /* Header Files */,
				345F010217C41DC1002B7F09 /* Source Files */,
				345F008917C41C02002B7F09 /* Products */,
			);
			sourceTree = "<group>";
		};
		345F008917C41C02002B7F09 /* Products */ = {
			isa = PBXGroup;
			children = (
				345F008817C41C02002B7F09 /* libGraphos.Physics.a */,
			);
			name = Products;
			sourceTree = "<group>";
		};
		345F010217C41DC1002B7F09 /* Source Files */ = {
			isa = PBXGroup;
			children = (
				345F014C17C41E87002B7F09 /* BoxCollider.cpp */,
				345F014D17C41E87002B7F09 /* Collider.cpp */,
				345F014E17C41E87002B7F09 /* Physics.cpp */,
				345F014F17C41E87002B7F09 /* RigidBody.cpp */,
				345F015017C41E87002B7F09 /* SphereCollider.cpp */,
			);
			name = "Source Files";
			sourceTree = "<group>";
		};
		345F010317C41DC8002B7F09 /* Header Files */ = {
			isa = PBXGroup;
			children = (
				345F014217C41E7B002B7F09 /* BoxCollider.h */,
				345F014317C41E7B002B7F09 /* Collider.h */,
				345F014417C41E7B002B7F09 /* Physics.h */,
				345F014517C41E7B002B7F09 /* RigidBody.h */,
				345F014617C41E7B002B7F09 /* SphereCollider.h */,
			);
			name = "Header Files";
			sourceTree = "<group>";
		};
/* End PBXGroup section */

/* Begin PBXHeadersBuildPhase section */
		345F008617C41C02002B7F09 /* Headers */ = {
			isa = PBXHeadersBuildPhase;
			buildActionMask = 2147483647;
			files = (
				345F014717C41E7B002B7F09 /* BoxCollider.h in Headers */,
				345F014817C41E7B002B7F09 /* Collider.h in Headers */,
				345F014917C41E7B002B7F09 /* Physics.h in Headers */,
				345F014A17C41E7B002B7F09 /* RigidBody.h in Headers */,
				345F014B17C41E7B002B7F09 /* SphereCollider.h in Headers */,
			);
			runOnlyForDeploymentPostprocessing = 0;
		};
/* End PBXHeadersBuildPhase section */

/* Begin PBXNativeTarget section */
		345F008717C41C02002B7F09 /* Graphos.Physics */ = {
			isa = PBXNativeTarget;
			buildConfigurationList = 345F008A17C41C02002B7F09 /* Build configuration list for PBXNativeTarget "Graphos.Physics" */;
			buildPhases = (
				345F008417C41C02002B7F09 /* Sources */,
				345F008517C41C02002B7F09 /* Frameworks */,
				345F008617C41C02002B7F09 /* Headers */,
			);
			buildRules = (
			);
			dependencies = (
			);
			name = Graphos.Physics;
			productName = Graphos.Physics;
			productReference = 345F008817C41C02002B7F09 /* libGraphos.Physics.a */;
			productType = "com.apple.product-type.library.static";
		};
/* End PBXNativeTarget section */

/* Begin PBXProject section */
		345F006C17C41B94002B7F09 /* Project object */ = {
			isa = PBXProject;
			attributes = {
				LastUpgradeCheck = 0460;
			};
			buildConfigurationList = 345F006F17C41B94002B7F09 /* Build configuration list for PBXProject "Graphos.Physics" */;
			compatibilityVersion = "Xcode 3.2";
			developmentRegion = English;
			hasScannedForEncodings = 0;
			knownRegions = (
				en,
			);
			mainGroup = 345F006B17C41B94002B7F09;
			productRefGroup = 345F008917C41C02002B7F09 /* Products */;
			projectDirPath = "";
			projectRoot = "";
			targets = (
				345F008717C41C02002B7F09 /* Graphos.Physics */,
			);
		};
/* End PBXProject section */

/* Begin PBXSourcesBuildPhase section */
		345F008417C41C02002B7F09 /* Sources */ = {
			isa = PBXSourcesBuildPhase;
			buildActionMask = 2147483647;
			files = (
				345F015117C41E87002B7F09 /* BoxCollider.cpp in Sources */,
				345F015217C41E87002B7F09 /* Collider.cpp in Sources */,
				345F015317C41E87002B7F09 /* Physics.cpp in Sources */,
				345F015417C41E87002B7F09 /* RigidBody.cpp in Sources */,
				345F015517C41E87002B7F09 /* SphereCollider.cpp in Sources */,
			);
			runOnlyForDeploymentPostprocessing = 0;
		};
/* End PBXSourcesBuildPhase section */

/* Begin XCBuildConfiguration section */
		345F007017C41B94002B7F09 /* Debug */ = {
			isa = XCBuildConfiguration;
			buildSettings = {
			};
			name = Debug;
		};
		345F007117C41B94002B7F09 /* Release */ = {
			isa = XCBuildConfiguration;
			buildSettings = {
			};
			name = Release;
		};
		345F008B17C41C02002B7F09 /* Debug */ = {
			isa = XCBuildConfiguration;
			buildSettings = {
				ALWAYS_SEARCH_USER_PATHS = NO;
				ARCHS = "$(ARCHS_STANDARD_64_BIT)";
				CLANG_CXX_LANGUAGE_STANDARD = "gnu++0x";
				CLANG_CXX_LIBRARY = "libc++";
				CLANG_ENABLE_OBJC_ARC = YES;
				CLANG_WARN_CONSTANT_CONVERSION = YES;
				CLANG_WARN_EMPTY_BODY = YES;
				CLANG_WARN_ENUM_CONVERSION = YES;
				CLANG_WARN_INT_CONVERSION = YES;
				CLANG_WARN__DUPLICATE_METHOD_MATCH = YES;
				COPY_PHASE_STRIP = NO;
				EXECUTABLE_PREFIX = lib;
				GCC_C_LANGUAGE_STANDARD = gnu99;
				GCC_DYNAMIC_NO_PIC = NO;
				GCC_ENABLE_OBJC_EXCEPTIONS = YES;
				GCC_OPTIMIZATION_LEVEL = 0;
				GCC_PREPROCESSOR_DEFINITIONS = (
					"DEBUG=1",
					"$(inherited)",
				);
				GCC_SYMBOLS_PRIVATE_EXTERN = NO;
				GCC_WARN_64_TO_32_BIT_CONVERSION = YES;
				GCC_WARN_ABOUT_RETURN_TYPE = YES;
				GCC_WARN_UNINITIALIZED_AUTOS = YES;
				GCC_WARN_UNUSED_VARIABLE = YES;
				MACOSX_DEPLOYMENT_TARGET = 10.8;
				ONLY_ACTIVE_ARCH = YES;
				PRODUCT_NAME = "$(TARGET_NAME)";
				SDKROOT = macosx;
			};
			name = Debug;
		};
		345F008C17C41C02002B7F09 /* Release */ = {
			isa = XCBuildConfiguration;
			buildSettings = {
				ALWAYS_SEARCH_USER_PATHS = NO;
				ARCHS = "$(ARCHS_STANDARD_64_BIT)";
				CLANG_CXX_LANGUAGE_STANDARD = "gnu++0x";
				CLANG_CXX_LIBRARY = "libc++";
				CLANG_ENABLE_OBJC_ARC = YES;
				CLANG_WARN_CONSTANT_CONVERSION = YES;
				CLANG_WARN_EMPTY_BODY = YES;
				CLANG_WARN_ENUM_CONVERSION = YES;
				CLANG_WARN_INT_CONVERSION = YES;
				CLANG_WARN__DUPLICATE_METHOD_MATCH = YES;
				COPY_PHASE_STRIP = YES;
				DEBUG_INFORMATION_FORMAT = "dwarf-with-dsym";
				EXECUTABLE_PREFIX = lib;
				GCC_C_LANGUAGE_STANDARD = gnu99;
				GCC_ENABLE_OBJC_EXCEPTIONS = YES;
				GCC_WARN_64_TO_32_BIT_CONVERSION = YES;
				GCC_WARN_ABOUT_RETURN_TYPE = YES;
				GCC_WARN_UNINITIALIZED_AUTOS = YES;
				GCC_WARN_UNUSED_VARIABLE = YES;
				MACOSX_DEPLOYMENT_TARGET = 10.8;
				PRODUCT_NAME = "$(TARGET_NAME)";
				SDKROOT = macosx;
			};
			name = Release;
		};
/* End XCBuildConfiguration section */

/* Begin XCConfigurationList section */
		345F006F17C41B94002B7F09 /* Build configuration list for PBXProject "Graphos.Physics" */ = {
			isa = XCConfigurationList;
			buildConfigurations = (
				345F007017C41B94002B7F09 /* Debug */,
				345F007117C41B94002B7F09 /* Release */,
			);
			defaultConfigurationIsVisible = 0;
			defaultConfigurationName = Release;
		};
		345F008A17C41C02002B7F09 /* Build configuration list for PBXNativeTarget "Graphos.Physics" */ = {
			isa = XCConfigurationList;
			buildConfigurations = (
				345F008B17C41C02002B7F09 /* Debug */,
				345F008C17C41C02002B7F09 /* Release */,
			);
			defaultConfigurationIsVisible = 0;
		};
/* End XCConfigurationList section */
	};
	rootObject = 345F006C17C41B94002B7F09 /* Project object */;
}
